// !$*UTF8*$!
{
	archiveVersion = 1;
	classes = {
	};
	objectVersion = 56;
	objects = {

/* Begin PBXBuildFile section */
		04180AC62B869BBE007CA253 /* APIHandler.swift in Sources */ = {isa = PBXBuildFile; fileRef = 04180AC52B869BBE007CA253 /* APIHandler.swift */; };
		04180ACE2B86A565007CA253 /* CustomButton.swift in Sources */ = {isa = PBXBuildFile; fileRef = 04180ACD2B86A565007CA253 /* CustomButton.swift */; };
		043E549C2B8797F300F8CDA7 /* Alert.swift in Sources */ = {isa = PBXBuildFile; fileRef = 043E549B2B8797F300F8CDA7 /* Alert.swift */; };
		043E549E2B879B1A00F8CDA7 /* Products.swift in Sources */ = {isa = PBXBuildFile; fileRef = 043E549D2B879B1A00F8CDA7 /* Products.swift */; };
		043E54A02B87F5BA00F8CDA7 /* NetworkManagerTests.swift in Sources */ = {isa = PBXBuildFile; fileRef = 043E549F2B87F5BA00F8CDA7 /* NetworkManagerTests.swift */; };
		043E54A22B87FB0600F8CDA7 /* Orders.swift in Sources */ = {isa = PBXBuildFile; fileRef = 043E54A12B87FB0600F8CDA7 /* Orders.swift */; };
		044631CA2B8A309D001F9371 /* LoginPage.storyboard in Resources */ = {isa = PBXBuildFile; fileRef = 044631C92B8A309D001F9371 /* LoginPage.storyboard */; };
		044631CC2B8A4300001F9371 /* LoginViewController.swift in Sources */ = {isa = PBXBuildFile; fileRef = 044631CB2B8A4300001F9371 /* LoginViewController.swift */; };
		044631CE2B8ABC05001F9371 /* LoginViewModel.swift in Sources */ = {isa = PBXBuildFile; fileRef = 044631CD2B8ABC05001F9371 /* LoginViewModel.swift */; };
		04810AD92B940FD100321195 /* GoogleService-Info.plist in Resources */ = {isa = PBXBuildFile; fileRef = 04810AD82B940FD100321195 /* GoogleService-Info.plist */; };
		048A7EA12B8D234A002A4C51 /* NotLoggedMeScreenViewController.swift in Sources */ = {isa = PBXBuildFile; fileRef = 048A7EA02B8D234A002A4C51 /* NotLoggedMeScreenViewController.swift */; };
		048A7EA32B8D4F4F002A4C51 /* MeScreenViewModel.swift in Sources */ = {isa = PBXBuildFile; fileRef = 048A7EA22B8D4F4F002A4C51 /* MeScreenViewModel.swift */; };
		048DC9C32B8CEC17006623C9 /* AdsCollectionViewCell.swift in Sources */ = {isa = PBXBuildFile; fileRef = 048DC9C22B8CEC17006623C9 /* AdsCollectionViewCell.swift */; };
		048DC9C62B8CEC2B006623C9 /* BrandCollectionViewCell.swift in Sources */ = {isa = PBXBuildFile; fileRef = 048DC9C42B8CEC2A006623C9 /* BrandCollectionViewCell.swift */; };
		048DC9C72B8CEC2B006623C9 /* BrandCollectionViewCell.xib in Resources */ = {isa = PBXBuildFile; fileRef = 048DC9C52B8CEC2B006623C9 /* BrandCollectionViewCell.xib */; };
		048DC9C92B8CEC62006623C9 /* Extensions.swift in Sources */ = {isa = PBXBuildFile; fileRef = 048DC9C82B8CEC61006623C9 /* Extensions.swift */; };
		048DC9CB2B8CEC8B006623C9 /* HomeScreenViewModelTests.swift in Sources */ = {isa = PBXBuildFile; fileRef = 048DC9CA2B8CEC8B006623C9 /* HomeScreenViewModelTests.swift */; };
		048DC9D62B8D14E8006623C9 /* MeScreen.storyboard in Resources */ = {isa = PBXBuildFile; fileRef = 048DC9D52B8D14E8006623C9 /* MeScreen.storyboard */; };
		048DC9D82B8D153E006623C9 /* MeScreenViewController.swift in Sources */ = {isa = PBXBuildFile; fileRef = 048DC9D72B8D153E006623C9 /* MeScreenViewController.swift */; };
		0493F8782B8C666B00D3A4F1 /* CategoryScreenViewModelTests.swift in Sources */ = {isa = PBXBuildFile; fileRef = 0493F8772B8C666B00D3A4F1 /* CategoryScreenViewModelTests.swift */; };
		04956AAA2B927C1C005AE66E /* LaunchScreenViewController.swift in Sources */ = {isa = PBXBuildFile; fileRef = 04956AA92B927C1C005AE66E /* LaunchScreenViewController.swift */; };
		04956AAE2B92A422005AE66E /* OrderSummaryCollectionViewCell.swift in Sources */ = {isa = PBXBuildFile; fileRef = 04956AAC2B92A422005AE66E /* OrderSummaryCollectionViewCell.swift */; };
		04956AAF2B92A422005AE66E /* OrderSummaryCollectionViewCell.xib in Resources */ = {isa = PBXBuildFile; fileRef = 04956AAD2B92A422005AE66E /* OrderSummaryCollectionViewCell.xib */; };
		049FF9DB2B8E4F1500004CAB /* DraftOrder.swift in Sources */ = {isa = PBXBuildFile; fileRef = 049FF9DA2B8E4F1500004CAB /* DraftOrder.swift */; };
		049FF9E22B8E673400004CAB /* OrdersScreen.storyboard in Resources */ = {isa = PBXBuildFile; fileRef = 049FF9E12B8E673400004CAB /* OrdersScreen.storyboard */; };
		049FF9E62B8E676600004CAB /* OrdersScreenViewController.swift in Sources */ = {isa = PBXBuildFile; fileRef = 049FF9E52B8E676600004CAB /* OrdersScreenViewController.swift */; };
		049FF9E82B8E683E00004CAB /* OrdersScreenViewModel.swift in Sources */ = {isa = PBXBuildFile; fileRef = 049FF9E72B8E683E00004CAB /* OrdersScreenViewModel.swift */; };
		049FF9ED2B8E754B00004CAB /* OrdersTableViewCell.swift in Sources */ = {isa = PBXBuildFile; fileRef = 049FF9EB2B8E754B00004CAB /* OrdersTableViewCell.swift */; };
		049FF9EE2B8E754B00004CAB /* OrdersTableViewCell.xib in Resources */ = {isa = PBXBuildFile; fileRef = 049FF9EC2B8E754B00004CAB /* OrdersTableViewCell.xib */; };
		049FF9F02B8E8D2B00004CAB /* OrdersScreenViewModelTests.swift in Sources */ = {isa = PBXBuildFile; fileRef = 049FF9EF2B8E8D2B00004CAB /* OrdersScreenViewModelTests.swift */; };
		049FF9F22B8E9E0500004CAB /* OrderSummaryScreenViewController.swift in Sources */ = {isa = PBXBuildFile; fileRef = 049FF9F12B8E9E0500004CAB /* OrderSummaryScreenViewController.swift */; };
		049FF9F42B8EA0F700004CAB /* OrderSummaryScreenViewModel.swift in Sources */ = {isa = PBXBuildFile; fileRef = 049FF9F32B8EA0F700004CAB /* OrderSummaryScreenViewModel.swift */; };
		04A2A70C2B85190D00991FCC /* dummyCoreData.swift in Sources */ = {isa = PBXBuildFile; fileRef = 04A2A70B2B85190D00991FCC /* dummyCoreData.swift */; };
		04A5740B2B84D669007BFC98 /* AppDelegate.swift in Sources */ = {isa = PBXBuildFile; fileRef = 04A5740A2B84D669007BFC98 /* AppDelegate.swift */; };
		04A5740D2B84D669007BFC98 /* SceneDelegate.swift in Sources */ = {isa = PBXBuildFile; fileRef = 04A5740C2B84D669007BFC98 /* SceneDelegate.swift */; };
		04A5740F2B84D669007BFC98 /* ViewController.swift in Sources */ = {isa = PBXBuildFile; fileRef = 04A5740E2B84D669007BFC98 /* ViewController.swift */; };
		04A574122B84D669007BFC98 /* Main.storyboard in Resources */ = {isa = PBXBuildFile; fileRef = 04A574102B84D669007BFC98 /* Main.storyboard */; };
		04A574152B84D669007BFC98 /* Shopify.xcdatamodeld in Sources */ = {isa = PBXBuildFile; fileRef = 04A574132B84D669007BFC98 /* Shopify.xcdatamodeld */; };
		04A574172B84D66C007BFC98 /* Assets.xcassets in Resources */ = {isa = PBXBuildFile; fileRef = 04A574162B84D66C007BFC98 /* Assets.xcassets */; };
		04A5741A2B84D66C007BFC98 /* LaunchScreen.storyboard in Resources */ = {isa = PBXBuildFile; fileRef = 04A574182B84D66C007BFC98 /* LaunchScreen.storyboard */; };
		04A574252B84D66D007BFC98 /* ShopifyTests.swift in Sources */ = {isa = PBXBuildFile; fileRef = 04A574242B84D66D007BFC98 /* ShopifyTests.swift */; };
		04A5742F2B84D66D007BFC98 /* ShopifyUITests.swift in Sources */ = {isa = PBXBuildFile; fileRef = 04A5742E2B84D66D007BFC98 /* ShopifyUITests.swift */; };
		04A574312B84D66D007BFC98 /* ShopifyUITestsLaunchTests.swift in Sources */ = {isa = PBXBuildFile; fileRef = 04A574302B84D66D007BFC98 /* ShopifyUITestsLaunchTests.swift */; };
		04A574462B84D6D8007BFC98 /* NetworkManager.swift in Sources */ = {isa = PBXBuildFile; fileRef = 04A574452B84D6D8007BFC98 /* NetworkManager.swift */; };
		04A574492B84D6FE007BFC98 /* NetworkReachability.swift in Sources */ = {isa = PBXBuildFile; fileRef = 04A574482B84D6FE007BFC98 /* NetworkReachability.swift */; };
		04B04F612B85248A004C16D6 /* MontserratRegular.ttf in Resources */ = {isa = PBXBuildFile; fileRef = 04B04F5D2B85248A004C16D6 /* MontserratRegular.ttf */; };
		04B04F622B85248A004C16D6 /* MontserratMedium.ttf in Resources */ = {isa = PBXBuildFile; fileRef = 04B04F5E2B85248A004C16D6 /* MontserratMedium.ttf */; };
		04B04F632B85248A004C16D6 /* MontserratSemiBold.ttf in Resources */ = {isa = PBXBuildFile; fileRef = 04B04F5F2B85248A004C16D6 /* MontserratSemiBold.ttf */; };
		04B04F642B85248A004C16D6 /* MontserratLight.ttf in Resources */ = {isa = PBXBuildFile; fileRef = 04B04F602B85248A004C16D6 /* MontserratLight.ttf */; };
		04B53F7A2B93366900F40A0A /* MeScreenViewModelTests.swift in Sources */ = {isa = PBXBuildFile; fileRef = 04B53F792B93366900F40A0A /* MeScreenViewModelTests.swift */; };
		04B53F7F2B934B2600F40A0A /* PlacingOrder.storyboard in Resources */ = {isa = PBXBuildFile; fileRef = 04B53F7E2B934B2600F40A0A /* PlacingOrder.storyboard */; };
		04B53F812B934C2900F40A0A /* NewOrderSummaryTableViewController.swift in Sources */ = {isa = PBXBuildFile; fileRef = 04B53F802B934C2900F40A0A /* NewOrderSummaryTableViewController.swift */; };
		04B53F832B934C3F00F40A0A /* NewOrderSummaryViewModel.swift in Sources */ = {isa = PBXBuildFile; fileRef = 04B53F822B934C3F00F40A0A /* NewOrderSummaryViewModel.swift */; };
		04B53F852B934C5A00F40A0A /* NewOrderSummaryViewModelTests.swift in Sources */ = {isa = PBXBuildFile; fileRef = 04B53F842B934C5A00F40A0A /* NewOrderSummaryViewModelTests.swift */; };
		04CF296C2B8B536600454075 /* TabBar.storyboard in Resources */ = {isa = PBXBuildFile; fileRef = 04CF296B2B8B536600454075 /* TabBar.storyboard */; };
		04CF296E2B8B543B00454075 /* TabBarViewController.swift in Sources */ = {isa = PBXBuildFile; fileRef = 04CF296D2B8B543B00454075 /* TabBarViewController.swift */; };
		04CF29772B8BA9A800454075 /* BrandScreenViewController.swift in Sources */ = {isa = PBXBuildFile; fileRef = 04CF29762B8BA9A800454075 /* BrandScreenViewController.swift */; };
		04DA8D932B8BEEF800295473 /* BrandScreenViewModelTests.swift in Sources */ = {isa = PBXBuildFile; fileRef = 04DA8D922B8BEEF800295473 /* BrandScreenViewModelTests.swift */; };
		04DA8D982B8C187300295473 /* CategoryScreen.storyboard in Resources */ = {isa = PBXBuildFile; fileRef = 04DA8D972B8C187300295473 /* CategoryScreen.storyboard */; };
		04DA8D9A2B8C1A7100295473 /* CategoryScreenViewController.swift in Sources */ = {isa = PBXBuildFile; fileRef = 04DA8D992B8C1A7100295473 /* CategoryScreenViewController.swift */; };
		04DA8D9E2B8C202500295473 /* FilterCollectionViewCell.swift in Sources */ = {isa = PBXBuildFile; fileRef = 04DA8D9C2B8C202500295473 /* FilterCollectionViewCell.swift */; };
		04DA8D9F2B8C202500295473 /* FilterCollectionViewCell.xib in Resources */ = {isa = PBXBuildFile; fileRef = 04DA8D9D2B8C202500295473 /* FilterCollectionViewCell.xib */; };
		04DA8DA12B8C3FCD00295473 /* CategoryScreenViewModel.swift in Sources */ = {isa = PBXBuildFile; fileRef = 04DA8DA02B8C3FCD00295473 /* CategoryScreenViewModel.swift */; };
		04E385252B8BB12400DEADB3 /* ProductCollectionViewCell.swift in Sources */ = {isa = PBXBuildFile; fileRef = 04E385232B8BB12400DEADB3 /* ProductCollectionViewCell.swift */; };
		04E385262B8BB12400DEADB3 /* ProductCollectionViewCell.xib in Resources */ = {isa = PBXBuildFile; fileRef = 04E385242B8BB12400DEADB3 /* ProductCollectionViewCell.xib */; };
		04E385282B8BB35B00DEADB3 /* BrandScreenViewModel.swift in Sources */ = {isa = PBXBuildFile; fileRef = 04E385272B8BB35B00DEADB3 /* BrandScreenViewModel.swift */; };
		04E3852B2B8BC9EB00DEADB3 /* fav.json in Resources */ = {isa = PBXBuildFile; fileRef = 04E3852A2B8BC9EB00DEADB3 /* fav.json */; };
		04E3852F2B8BC9FF00DEADB3 /* shopLink.json in Resources */ = {isa = PBXBuildFile; fileRef = 04E3852C2B8BC9FF00DEADB3 /* shopLink.json */; };
		04E385302B8BC9FF00DEADB3 /* congrats.json in Resources */ = {isa = PBXBuildFile; fileRef = 04E3852D2B8BC9FF00DEADB3 /* congrats.json */; };
		04E385312B8BC9FF00DEADB3 /* done.json in Resources */ = {isa = PBXBuildFile; fileRef = 04E3852E2B8BC9FF00DEADB3 /* done.json */; };
		04EB474F2B8CC3610056EA36 /* SignUpPage.storyboard in Resources */ = {isa = PBXBuildFile; fileRef = 04EB474E2B8CC3610056EA36 /* SignUpPage.storyboard */; };
		04EB47512B8CC37A0056EA36 /* SignUpPageViewController.swift in Sources */ = {isa = PBXBuildFile; fileRef = 04EB47502B8CC37A0056EA36 /* SignUpPageViewController.swift */; };
		04F133B62B8945B600F49963 /* Brands.swift in Sources */ = {isa = PBXBuildFile; fileRef = 04F133B52B8945B600F49963 /* Brands.swift */; };
		04F133B82B8946ED00F49963 /* Categories.swift in Sources */ = {isa = PBXBuildFile; fileRef = 04F133B72B8946ED00F49963 /* Categories.swift */; };
		04F133BF2B8963D000F49963 /* HomeScreen.storyboard in Resources */ = {isa = PBXBuildFile; fileRef = 04F133BE2B8963D000F49963 /* HomeScreen.storyboard */; };
		04F133C12B8963E300F49963 /* HomeScreenViewController.swift in Sources */ = {isa = PBXBuildFile; fileRef = 04F133C02B8963E300F49963 /* HomeScreenViewController.swift */; };
		04F133CB2B89643000F49963 /* AdsCollectionViewCell.xib in Resources */ = {isa = PBXBuildFile; fileRef = 04F133C92B89643000F49963 /* AdsCollectionViewCell.xib */; };
		04F133CD2B89698700F49963 /* HomeScreenViewModel.swift in Sources */ = {isa = PBXBuildFile; fileRef = 04F133CC2B89698700F49963 /* HomeScreenViewModel.swift */; };
		04F6616A2B8D81CA00F26224 /* FirebaseAnalytics in Frameworks */ = {isa = PBXBuildFile; productRef = 04F661692B8D81CA00F26224 /* FirebaseAnalytics */; };
		04F6616C2B8D81CA00F26224 /* FirebaseAnalyticsSwift in Frameworks */ = {isa = PBXBuildFile; productRef = 04F6616B2B8D81CA00F26224 /* FirebaseAnalyticsSwift */; };
		04F6616E2B8D81CA00F26224 /* FirebaseAuth in Frameworks */ = {isa = PBXBuildFile; productRef = 04F6616D2B8D81CA00F26224 /* FirebaseAuth */; };
		4E7EFC779A263136C40B3548 /* Pods_ShopifyTests.framework in Frameworks */ = {isa = PBXBuildFile; fileRef = BD0FA4B994C7C0EA923F6CF3 /* Pods_ShopifyTests.framework */; };
		754B9BF1A72B10895F3FFDE1 /* Pods_Shopify_ShopifyUITests.framework in Frameworks */ = {isa = PBXBuildFile; fileRef = 17550154E7C3054FB1DFD428 /* Pods_Shopify_ShopifyUITests.framework */; };
		DB86D0BA5115A0312D1408F5 /* Pods_Shopify.framework in Frameworks */ = {isa = PBXBuildFile; fileRef = 6B5F6EA694ECBFA2B240E273 /* Pods_Shopify.framework */; };
		DE14CF5A2B89186100FC1C8D /* Customer.swift in Sources */ = {isa = PBXBuildFile; fileRef = DE14CF592B89186100FC1C8D /* Customer.swift */; };
		DE14CF5C2B8918D600FC1C8D /* Address.swift in Sources */ = {isa = PBXBuildFile; fileRef = DE14CF5B2B8918D600FC1C8D /* Address.swift */; };
		DE14CF5E2B89197900FC1C8D /* PriceRule.swift in Sources */ = {isa = PBXBuildFile; fileRef = DE14CF5D2B89197900FC1C8D /* PriceRule.swift */; };
		DE14CF602B8919A900FC1C8D /* DiscountCode.swift in Sources */ = {isa = PBXBuildFile; fileRef = DE14CF5F2B8919A900FC1C8D /* DiscountCode.swift */; };
		DEC9F21C2B91214400392B33 /* AddressViewModel.swift in Sources */ = {isa = PBXBuildFile; fileRef = DEC9F21B2B91214400392B33 /* AddressViewModel.swift */; };
		DEC9F2242B92243E00392B33 /* CustomCellButton.swift in Sources */ = {isa = PBXBuildFile; fileRef = DEC9F2232B92243E00392B33 /* CustomCellButton.swift */; };
		DECF4B8D2B8FA28F00155830 /* ShoppingBagViewModel.swift in Sources */ = {isa = PBXBuildFile; fileRef = DECF4B8C2B8FA28F00155830 /* ShoppingBagViewModel.swift */; };
		DECF4B8F2B9008C600155830 /* CheckoutViewModel.swift in Sources */ = {isa = PBXBuildFile; fileRef = DECF4B8E2B9008C600155830 /* CheckoutViewModel.swift */; };
		DEDD833F2B8CA75800516BB4 /* CustomAddressItemView.swift in Sources */ = {isa = PBXBuildFile; fileRef = DEDD832F2B8CA75800516BB4 /* CustomAddressItemView.swift */; };
		DEDD83402B8CA75800516BB4 /* AddressCustomButton.swift in Sources */ = {isa = PBXBuildFile; fileRef = DEDD83302B8CA75800516BB4 /* AddressCustomButton.swift */; };
		DEDD83412B8CA75800516BB4 /* CustomSpacerView.swift in Sources */ = {isa = PBXBuildFile; fileRef = DEDD83312B8CA75800516BB4 /* CustomSpacerView.swift */; };
		DEDD83422B8CA75800516BB4 /* AddressViewController.swift in Sources */ = {isa = PBXBuildFile; fileRef = DEDD83322B8CA75800516BB4 /* AddressViewController.swift */; };
		DEDD83432B8CA75800516BB4 /* AddressSettingCustomCell.swift in Sources */ = {isa = PBXBuildFile; fileRef = DEDD83342B8CA75800516BB4 /* AddressSettingCustomCell.swift */; };
		DEDD83442B8CA75800516BB4 /* SettingsViewController.swift in Sources */ = {isa = PBXBuildFile; fileRef = DEDD83352B8CA75800516BB4 /* SettingsViewController.swift */; };
		DEDD83452B8CA75800516BB4 /* Settings.storyboard in Resources */ = {isa = PBXBuildFile; fileRef = DEDD83362B8CA75800516BB4 /* Settings.storyboard */; };
		DEDD83462B8CA75800516BB4 /* AddressesViewController.swift in Sources */ = {isa = PBXBuildFile; fileRef = DEDD83382B8CA75800516BB4 /* AddressesViewController.swift */; };
		DEDD83472B8CA75800516BB4 /* AddressesTableViewCell.swift in Sources */ = {isa = PBXBuildFile; fileRef = DEDD83392B8CA75800516BB4 /* AddressesTableViewCell.swift */; };
		DEDD83482B8CA75800516BB4 /* ShoppingBagViewController.swift in Sources */ = {isa = PBXBuildFile; fileRef = DEDD833B2B8CA75800516BB4 /* ShoppingBagViewController.swift */; };
		DEDD83492B8CA75800516BB4 /* ShoppingBag.storyboard in Resources */ = {isa = PBXBuildFile; fileRef = DEDD833C2B8CA75800516BB4 /* ShoppingBag.storyboard */; };
		DEDD834A2B8CA75800516BB4 /* ShoppingBagCustomCell.swift in Sources */ = {isa = PBXBuildFile; fileRef = DEDD833D2B8CA75800516BB4 /* ShoppingBagCustomCell.swift */; };
		DEDD834B2B8CA75800516BB4 /* ShoppingBagCustomButton.swift in Sources */ = {isa = PBXBuildFile; fileRef = DEDD833E2B8CA75800516BB4 /* ShoppingBagCustomButton.swift */; };
		DEDD83522B8D022E00516BB4 /* CheckoutViewController.swift in Sources */ = {isa = PBXBuildFile; fileRef = DEDD83512B8D022E00516BB4 /* CheckoutViewController.swift */; };
		DEEE04C02B8DFCFD002D290C /* CheckoutCustomButton.swift in Sources */ = {isa = PBXBuildFile; fileRef = DEEE04BF2B8DFCFD002D290C /* CheckoutCustomButton.swift */; };
		DEEE04C22B8E7EC7002D290C /* LogoutCustomButton.swift in Sources */ = {isa = PBXBuildFile; fileRef = DEEE04C12B8E7EC7002D290C /* LogoutCustomButton.swift */; };
/* End PBXBuildFile section */

/* Begin PBXContainerItemProxy section */
		04A574212B84D66D007BFC98 /* PBXContainerItemProxy */ = {
			isa = PBXContainerItemProxy;
			containerPortal = 04A573FF2B84D669007BFC98 /* Project object */;
			proxyType = 1;
			remoteGlobalIDString = 04A574062B84D669007BFC98;
			remoteInfo = Shopify;
		};
		04A5742B2B84D66D007BFC98 /* PBXContainerItemProxy */ = {
			isa = PBXContainerItemProxy;
			containerPortal = 04A573FF2B84D669007BFC98 /* Project object */;
			proxyType = 1;
			remoteGlobalIDString = 04A574062B84D669007BFC98;
			remoteInfo = Shopify;
		};
/* End PBXContainerItemProxy section */

/* Begin PBXFileReference section */
		04180AC52B869BBE007CA253 /* APIHandler.swift */ = {isa = PBXFileReference; lastKnownFileType = sourcecode.swift; path = APIHandler.swift; sourceTree = "<group>"; };
		04180ACD2B86A565007CA253 /* CustomButton.swift */ = {isa = PBXFileReference; lastKnownFileType = sourcecode.swift; path = CustomButton.swift; sourceTree = "<group>"; };
		043E549B2B8797F300F8CDA7 /* Alert.swift */ = {isa = PBXFileReference; lastKnownFileType = sourcecode.swift; path = Alert.swift; sourceTree = "<group>"; };
		043E549D2B879B1A00F8CDA7 /* Products.swift */ = {isa = PBXFileReference; lastKnownFileType = sourcecode.swift; path = Products.swift; sourceTree = "<group>"; };
		043E549F2B87F5BA00F8CDA7 /* NetworkManagerTests.swift */ = {isa = PBXFileReference; lastKnownFileType = sourcecode.swift; path = NetworkManagerTests.swift; sourceTree = "<group>"; };
		043E54A12B87FB0600F8CDA7 /* Orders.swift */ = {isa = PBXFileReference; lastKnownFileType = sourcecode.swift; path = Orders.swift; sourceTree = "<group>"; };
		044631C92B8A309D001F9371 /* LoginPage.storyboard */ = {isa = PBXFileReference; lastKnownFileType = file.storyboard; path = LoginPage.storyboard; sourceTree = "<group>"; };
		044631CB2B8A4300001F9371 /* LoginViewController.swift */ = {isa = PBXFileReference; lastKnownFileType = sourcecode.swift; path = LoginViewController.swift; sourceTree = "<group>"; };
		044631CD2B8ABC05001F9371 /* LoginViewModel.swift */ = {isa = PBXFileReference; lastKnownFileType = sourcecode.swift; path = LoginViewModel.swift; sourceTree = "<group>"; };
		04810AD82B940FD100321195 /* GoogleService-Info.plist */ = {isa = PBXFileReference; fileEncoding = 4; lastKnownFileType = text.plist.xml; path = "GoogleService-Info.plist"; sourceTree = "<group>"; };
		048A7EA02B8D234A002A4C51 /* NotLoggedMeScreenViewController.swift */ = {isa = PBXFileReference; lastKnownFileType = sourcecode.swift; path = NotLoggedMeScreenViewController.swift; sourceTree = "<group>"; };
		048A7EA22B8D4F4F002A4C51 /* MeScreenViewModel.swift */ = {isa = PBXFileReference; lastKnownFileType = sourcecode.swift; path = MeScreenViewModel.swift; sourceTree = "<group>"; };
		048DC9C22B8CEC17006623C9 /* AdsCollectionViewCell.swift */ = {isa = PBXFileReference; fileEncoding = 4; lastKnownFileType = sourcecode.swift; path = AdsCollectionViewCell.swift; sourceTree = "<group>"; };
		048DC9C42B8CEC2A006623C9 /* BrandCollectionViewCell.swift */ = {isa = PBXFileReference; fileEncoding = 4; lastKnownFileType = sourcecode.swift; path = BrandCollectionViewCell.swift; sourceTree = "<group>"; };
		048DC9C52B8CEC2B006623C9 /* BrandCollectionViewCell.xib */ = {isa = PBXFileReference; fileEncoding = 4; lastKnownFileType = file.xib; path = BrandCollectionViewCell.xib; sourceTree = "<group>"; };
		048DC9C82B8CEC61006623C9 /* Extensions.swift */ = {isa = PBXFileReference; fileEncoding = 4; lastKnownFileType = sourcecode.swift; path = Extensions.swift; sourceTree = "<group>"; };
		048DC9CA2B8CEC8B006623C9 /* HomeScreenViewModelTests.swift */ = {isa = PBXFileReference; fileEncoding = 4; lastKnownFileType = sourcecode.swift; path = HomeScreenViewModelTests.swift; sourceTree = "<group>"; };
		048DC9D52B8D14E8006623C9 /* MeScreen.storyboard */ = {isa = PBXFileReference; lastKnownFileType = file.storyboard; path = MeScreen.storyboard; sourceTree = "<group>"; };
		048DC9D72B8D153E006623C9 /* MeScreenViewController.swift */ = {isa = PBXFileReference; lastKnownFileType = sourcecode.swift; path = MeScreenViewController.swift; sourceTree = "<group>"; };
		0493F8772B8C666B00D3A4F1 /* CategoryScreenViewModelTests.swift */ = {isa = PBXFileReference; lastKnownFileType = sourcecode.swift; path = CategoryScreenViewModelTests.swift; sourceTree = "<group>"; };
		04956AA92B927C1C005AE66E /* LaunchScreenViewController.swift */ = {isa = PBXFileReference; lastKnownFileType = sourcecode.swift; path = LaunchScreenViewController.swift; sourceTree = "<group>"; };
		04956AAC2B92A422005AE66E /* OrderSummaryCollectionViewCell.swift */ = {isa = PBXFileReference; lastKnownFileType = sourcecode.swift; path = OrderSummaryCollectionViewCell.swift; sourceTree = "<group>"; };
		04956AAD2B92A422005AE66E /* OrderSummaryCollectionViewCell.xib */ = {isa = PBXFileReference; lastKnownFileType = file.xib; path = OrderSummaryCollectionViewCell.xib; sourceTree = "<group>"; };
		049FF9DA2B8E4F1500004CAB /* DraftOrder.swift */ = {isa = PBXFileReference; lastKnownFileType = sourcecode.swift; path = DraftOrder.swift; sourceTree = "<group>"; };
		049FF9E12B8E673400004CAB /* OrdersScreen.storyboard */ = {isa = PBXFileReference; lastKnownFileType = file.storyboard; path = OrdersScreen.storyboard; sourceTree = "<group>"; };
		049FF9E52B8E676600004CAB /* OrdersScreenViewController.swift */ = {isa = PBXFileReference; lastKnownFileType = sourcecode.swift; path = OrdersScreenViewController.swift; sourceTree = "<group>"; };
		049FF9E72B8E683E00004CAB /* OrdersScreenViewModel.swift */ = {isa = PBXFileReference; lastKnownFileType = sourcecode.swift; path = OrdersScreenViewModel.swift; sourceTree = "<group>"; };
		049FF9EB2B8E754B00004CAB /* OrdersTableViewCell.swift */ = {isa = PBXFileReference; lastKnownFileType = sourcecode.swift; path = OrdersTableViewCell.swift; sourceTree = "<group>"; };
		049FF9EC2B8E754B00004CAB /* OrdersTableViewCell.xib */ = {isa = PBXFileReference; lastKnownFileType = file.xib; path = OrdersTableViewCell.xib; sourceTree = "<group>"; };
		049FF9EF2B8E8D2B00004CAB /* OrdersScreenViewModelTests.swift */ = {isa = PBXFileReference; lastKnownFileType = sourcecode.swift; path = OrdersScreenViewModelTests.swift; sourceTree = "<group>"; };
		049FF9F12B8E9E0500004CAB /* OrderSummaryScreenViewController.swift */ = {isa = PBXFileReference; lastKnownFileType = sourcecode.swift; path = OrderSummaryScreenViewController.swift; sourceTree = "<group>"; };
		049FF9F32B8EA0F700004CAB /* OrderSummaryScreenViewModel.swift */ = {isa = PBXFileReference; lastKnownFileType = sourcecode.swift; path = OrderSummaryScreenViewModel.swift; sourceTree = "<group>"; };
		04A2A70B2B85190D00991FCC /* dummyCoreData.swift */ = {isa = PBXFileReference; lastKnownFileType = sourcecode.swift; path = dummyCoreData.swift; sourceTree = "<group>"; };
		04A574072B84D669007BFC98 /* Shopify.app */ = {isa = PBXFileReference; explicitFileType = wrapper.application; includeInIndex = 0; path = Shopify.app; sourceTree = BUILT_PRODUCTS_DIR; };
		04A5740A2B84D669007BFC98 /* AppDelegate.swift */ = {isa = PBXFileReference; lastKnownFileType = sourcecode.swift; path = AppDelegate.swift; sourceTree = "<group>"; };
		04A5740C2B84D669007BFC98 /* SceneDelegate.swift */ = {isa = PBXFileReference; lastKnownFileType = sourcecode.swift; path = SceneDelegate.swift; sourceTree = "<group>"; };
		04A5740E2B84D669007BFC98 /* ViewController.swift */ = {isa = PBXFileReference; lastKnownFileType = sourcecode.swift; path = ViewController.swift; sourceTree = "<group>"; };
		04A574112B84D669007BFC98 /* Base */ = {isa = PBXFileReference; lastKnownFileType = file.storyboard; name = Base; path = Base.lproj/Main.storyboard; sourceTree = "<group>"; };
		04A574142B84D669007BFC98 /* Shopify.xcdatamodel */ = {isa = PBXFileReference; lastKnownFileType = wrapper.xcdatamodel; path = Shopify.xcdatamodel; sourceTree = "<group>"; };
		04A574162B84D66C007BFC98 /* Assets.xcassets */ = {isa = PBXFileReference; lastKnownFileType = folder.assetcatalog; path = Assets.xcassets; sourceTree = "<group>"; };
		04A574192B84D66C007BFC98 /* Base */ = {isa = PBXFileReference; lastKnownFileType = file.storyboard; name = Base; path = Base.lproj/LaunchScreen.storyboard; sourceTree = "<group>"; };
		04A5741B2B84D66C007BFC98 /* Info.plist */ = {isa = PBXFileReference; lastKnownFileType = text.plist.xml; path = Info.plist; sourceTree = "<group>"; };
		04A574202B84D66D007BFC98 /* ShopifyTests.xctest */ = {isa = PBXFileReference; explicitFileType = wrapper.cfbundle; includeInIndex = 0; path = ShopifyTests.xctest; sourceTree = BUILT_PRODUCTS_DIR; };
		04A574242B84D66D007BFC98 /* ShopifyTests.swift */ = {isa = PBXFileReference; lastKnownFileType = sourcecode.swift; path = ShopifyTests.swift; sourceTree = "<group>"; };
		04A5742A2B84D66D007BFC98 /* ShopifyUITests.xctest */ = {isa = PBXFileReference; explicitFileType = wrapper.cfbundle; includeInIndex = 0; path = ShopifyUITests.xctest; sourceTree = BUILT_PRODUCTS_DIR; };
		04A5742E2B84D66D007BFC98 /* ShopifyUITests.swift */ = {isa = PBXFileReference; lastKnownFileType = sourcecode.swift; path = ShopifyUITests.swift; sourceTree = "<group>"; };
		04A574302B84D66D007BFC98 /* ShopifyUITestsLaunchTests.swift */ = {isa = PBXFileReference; lastKnownFileType = sourcecode.swift; path = ShopifyUITestsLaunchTests.swift; sourceTree = "<group>"; };
		04A574452B84D6D8007BFC98 /* NetworkManager.swift */ = {isa = PBXFileReference; lastKnownFileType = sourcecode.swift; path = NetworkManager.swift; sourceTree = "<group>"; };
		04A574482B84D6FE007BFC98 /* NetworkReachability.swift */ = {isa = PBXFileReference; lastKnownFileType = sourcecode.swift; path = NetworkReachability.swift; sourceTree = "<group>"; };
		04A5744E2B84D721007BFC98 /* dummyViewModel.swift */ = {isa = PBXFileReference; lastKnownFileType = sourcecode.swift; path = dummyViewModel.swift; sourceTree = "<group>"; };
		04B04F5D2B85248A004C16D6 /* MontserratRegular.ttf */ = {isa = PBXFileReference; lastKnownFileType = file; path = MontserratRegular.ttf; sourceTree = "<group>"; };
		04B04F5E2B85248A004C16D6 /* MontserratMedium.ttf */ = {isa = PBXFileReference; lastKnownFileType = file; path = MontserratMedium.ttf; sourceTree = "<group>"; };
		04B04F5F2B85248A004C16D6 /* MontserratSemiBold.ttf */ = {isa = PBXFileReference; lastKnownFileType = file; path = MontserratSemiBold.ttf; sourceTree = "<group>"; };
		04B04F602B85248A004C16D6 /* MontserratLight.ttf */ = {isa = PBXFileReference; lastKnownFileType = file; path = MontserratLight.ttf; sourceTree = "<group>"; };
		04B53F792B93366900F40A0A /* MeScreenViewModelTests.swift */ = {isa = PBXFileReference; lastKnownFileType = sourcecode.swift; path = MeScreenViewModelTests.swift; sourceTree = "<group>"; };
		04B53F7E2B934B2600F40A0A /* PlacingOrder.storyboard */ = {isa = PBXFileReference; lastKnownFileType = file.storyboard; path = PlacingOrder.storyboard; sourceTree = "<group>"; };
		04B53F802B934C2900F40A0A /* NewOrderSummaryTableViewController.swift */ = {isa = PBXFileReference; lastKnownFileType = sourcecode.swift; path = NewOrderSummaryTableViewController.swift; sourceTree = "<group>"; };
		04B53F822B934C3F00F40A0A /* NewOrderSummaryViewModel.swift */ = {isa = PBXFileReference; lastKnownFileType = sourcecode.swift; path = NewOrderSummaryViewModel.swift; sourceTree = "<group>"; };
		04B53F842B934C5A00F40A0A /* NewOrderSummaryViewModelTests.swift */ = {isa = PBXFileReference; lastKnownFileType = sourcecode.swift; path = NewOrderSummaryViewModelTests.swift; sourceTree = "<group>"; };
		04CF296B2B8B536600454075 /* TabBar.storyboard */ = {isa = PBXFileReference; lastKnownFileType = file.storyboard; path = TabBar.storyboard; sourceTree = "<group>"; };
		04CF296D2B8B543B00454075 /* TabBarViewController.swift */ = {isa = PBXFileReference; lastKnownFileType = sourcecode.swift; path = TabBarViewController.swift; sourceTree = "<group>"; };
		04CF29762B8BA9A800454075 /* BrandScreenViewController.swift */ = {isa = PBXFileReference; lastKnownFileType = sourcecode.swift; path = BrandScreenViewController.swift; sourceTree = "<group>"; };
		04DA8D922B8BEEF800295473 /* BrandScreenViewModelTests.swift */ = {isa = PBXFileReference; lastKnownFileType = sourcecode.swift; path = BrandScreenViewModelTests.swift; sourceTree = "<group>"; };
		04DA8D972B8C187300295473 /* CategoryScreen.storyboard */ = {isa = PBXFileReference; lastKnownFileType = file.storyboard; path = CategoryScreen.storyboard; sourceTree = "<group>"; };
		04DA8D992B8C1A7100295473 /* CategoryScreenViewController.swift */ = {isa = PBXFileReference; lastKnownFileType = sourcecode.swift; path = CategoryScreenViewController.swift; sourceTree = "<group>"; };
		04DA8D9C2B8C202500295473 /* FilterCollectionViewCell.swift */ = {isa = PBXFileReference; lastKnownFileType = sourcecode.swift; path = FilterCollectionViewCell.swift; sourceTree = "<group>"; };
		04DA8D9D2B8C202500295473 /* FilterCollectionViewCell.xib */ = {isa = PBXFileReference; lastKnownFileType = file.xib; path = FilterCollectionViewCell.xib; sourceTree = "<group>"; };
		04DA8DA02B8C3FCD00295473 /* CategoryScreenViewModel.swift */ = {isa = PBXFileReference; lastKnownFileType = sourcecode.swift; path = CategoryScreenViewModel.swift; sourceTree = "<group>"; };
		04E385232B8BB12400DEADB3 /* ProductCollectionViewCell.swift */ = {isa = PBXFileReference; lastKnownFileType = sourcecode.swift; path = ProductCollectionViewCell.swift; sourceTree = "<group>"; };
		04E385242B8BB12400DEADB3 /* ProductCollectionViewCell.xib */ = {isa = PBXFileReference; lastKnownFileType = file.xib; path = ProductCollectionViewCell.xib; sourceTree = "<group>"; };
		04E385272B8BB35B00DEADB3 /* BrandScreenViewModel.swift */ = {isa = PBXFileReference; lastKnownFileType = sourcecode.swift; path = BrandScreenViewModel.swift; sourceTree = "<group>"; };
		04E3852A2B8BC9EB00DEADB3 /* fav.json */ = {isa = PBXFileReference; fileEncoding = 4; lastKnownFileType = text.json; path = fav.json; sourceTree = "<group>"; };
		04E3852C2B8BC9FF00DEADB3 /* shopLink.json */ = {isa = PBXFileReference; fileEncoding = 4; lastKnownFileType = text.json; path = shopLink.json; sourceTree = "<group>"; };
		04E3852D2B8BC9FF00DEADB3 /* congrats.json */ = {isa = PBXFileReference; fileEncoding = 4; lastKnownFileType = text.json; path = congrats.json; sourceTree = "<group>"; };
		04E3852E2B8BC9FF00DEADB3 /* done.json */ = {isa = PBXFileReference; fileEncoding = 4; lastKnownFileType = text.json; path = done.json; sourceTree = "<group>"; };
		04EB474E2B8CC3610056EA36 /* SignUpPage.storyboard */ = {isa = PBXFileReference; lastKnownFileType = file.storyboard; path = SignUpPage.storyboard; sourceTree = "<group>"; };
		04EB47502B8CC37A0056EA36 /* SignUpPageViewController.swift */ = {isa = PBXFileReference; lastKnownFileType = sourcecode.swift; path = SignUpPageViewController.swift; sourceTree = "<group>"; };
		04F133B52B8945B600F49963 /* Brands.swift */ = {isa = PBXFileReference; lastKnownFileType = sourcecode.swift; path = Brands.swift; sourceTree = "<group>"; };
		04F133B72B8946ED00F49963 /* Categories.swift */ = {isa = PBXFileReference; lastKnownFileType = sourcecode.swift; path = Categories.swift; sourceTree = "<group>"; };
		04F133BE2B8963D000F49963 /* HomeScreen.storyboard */ = {isa = PBXFileReference; lastKnownFileType = file.storyboard; path = HomeScreen.storyboard; sourceTree = "<group>"; };
		04F133C02B8963E300F49963 /* HomeScreenViewController.swift */ = {isa = PBXFileReference; lastKnownFileType = sourcecode.swift; path = HomeScreenViewController.swift; sourceTree = "<group>"; };
		04F133C92B89643000F49963 /* AdsCollectionViewCell.xib */ = {isa = PBXFileReference; lastKnownFileType = file.xib; path = AdsCollectionViewCell.xib; sourceTree = "<group>"; };
		04F133CC2B89698700F49963 /* HomeScreenViewModel.swift */ = {isa = PBXFileReference; lastKnownFileType = sourcecode.swift; path = HomeScreenViewModel.swift; sourceTree = "<group>"; };
		17550154E7C3054FB1DFD428 /* Pods_Shopify_ShopifyUITests.framework */ = {isa = PBXFileReference; explicitFileType = wrapper.framework; includeInIndex = 0; path = Pods_Shopify_ShopifyUITests.framework; sourceTree = BUILT_PRODUCTS_DIR; };
		1FA4EEF87A19F18450ECD80F /* Pods-Shopify.debug.xcconfig */ = {isa = PBXFileReference; includeInIndex = 1; lastKnownFileType = text.xcconfig; name = "Pods-Shopify.debug.xcconfig"; path = "Target Support Files/Pods-Shopify/Pods-Shopify.debug.xcconfig"; sourceTree = "<group>"; };
		4325952B90A5AD074F89678C /* Pods-ShopifyTests.release.xcconfig */ = {isa = PBXFileReference; includeInIndex = 1; lastKnownFileType = text.xcconfig; name = "Pods-ShopifyTests.release.xcconfig"; path = "Target Support Files/Pods-ShopifyTests/Pods-ShopifyTests.release.xcconfig"; sourceTree = "<group>"; };
		6B5F6EA694ECBFA2B240E273 /* Pods_Shopify.framework */ = {isa = PBXFileReference; explicitFileType = wrapper.framework; includeInIndex = 0; path = Pods_Shopify.framework; sourceTree = BUILT_PRODUCTS_DIR; };
		84BCFB8110459A3E88985C72 /* Pods-Shopify.release.xcconfig */ = {isa = PBXFileReference; includeInIndex = 1; lastKnownFileType = text.xcconfig; name = "Pods-Shopify.release.xcconfig"; path = "Target Support Files/Pods-Shopify/Pods-Shopify.release.xcconfig"; sourceTree = "<group>"; };
		BD0FA4B994C7C0EA923F6CF3 /* Pods_ShopifyTests.framework */ = {isa = PBXFileReference; explicitFileType = wrapper.framework; includeInIndex = 0; path = Pods_ShopifyTests.framework; sourceTree = BUILT_PRODUCTS_DIR; };
		C766A2324B4FC970B4C792FC /* Pods-ShopifyTests.debug.xcconfig */ = {isa = PBXFileReference; includeInIndex = 1; lastKnownFileType = text.xcconfig; name = "Pods-ShopifyTests.debug.xcconfig"; path = "Target Support Files/Pods-ShopifyTests/Pods-ShopifyTests.debug.xcconfig"; sourceTree = "<group>"; };
		DE14CF592B89186100FC1C8D /* Customer.swift */ = {isa = PBXFileReference; lastKnownFileType = sourcecode.swift; path = Customer.swift; sourceTree = "<group>"; };
		DE14CF5B2B8918D600FC1C8D /* Address.swift */ = {isa = PBXFileReference; lastKnownFileType = sourcecode.swift; path = Address.swift; sourceTree = "<group>"; };
		DE14CF5D2B89197900FC1C8D /* PriceRule.swift */ = {isa = PBXFileReference; lastKnownFileType = sourcecode.swift; path = PriceRule.swift; sourceTree = "<group>"; };
		DE14CF5F2B8919A900FC1C8D /* DiscountCode.swift */ = {isa = PBXFileReference; lastKnownFileType = sourcecode.swift; path = DiscountCode.swift; sourceTree = "<group>"; };
		DE4A87672B8BBA8A00B8FBC3 /* DeliveryAddressSettingCustomCell.swift */ = {isa = PBXFileReference; lastKnownFileType = sourcecode.swift; path = DeliveryAddressSettingCustomCell.swift; sourceTree = "<group>"; };
		DE4A87692B8BBAAD00B8FBC3 /* SettingsViewController.swift */ = {isa = PBXFileReference; lastKnownFileType = sourcecode.swift; path = SettingsViewController.swift; sourceTree = "<group>"; };
		DE4A876C2B8BE4C800B8FBC3 /* ShoppingBagViewController.swift */ = {isa = PBXFileReference; lastKnownFileType = sourcecode.swift; path = ShoppingBagViewController.swift; sourceTree = "<group>"; };
		DE4A876E2B8BE4F900B8FBC3 /* ShoppingBagCustomCell.swift */ = {isa = PBXFileReference; lastKnownFileType = sourcecode.swift; path = ShoppingBagCustomCell.swift; sourceTree = "<group>"; };
		DE4A87702B8BE5DE00B8FBC3 /* ShoppingBag.storyboard */ = {isa = PBXFileReference; lastKnownFileType = file.storyboard; path = ShoppingBag.storyboard; sourceTree = "<group>"; };
		DE778F982B8A99C800F3798A /* Settings.storyboard */ = {isa = PBXFileReference; lastKnownFileType = file.storyboard; path = Settings.storyboard; sourceTree = "<group>"; };
		DE778F9E2B8A9A5700F3798A /* AddressesViewController.swift */ = {isa = PBXFileReference; lastKnownFileType = sourcecode.swift; path = AddressesViewController.swift; sourceTree = "<group>"; };
		DE778FA02B8A9A9000F3798A /* AddressesTableViewCell.swift */ = {isa = PBXFileReference; lastKnownFileType = sourcecode.swift; path = AddressesTableViewCell.swift; sourceTree = "<group>"; };
		DEA454DF2B8B58E20017A7F3 /* AddressViewController.swift */ = {isa = PBXFileReference; lastKnownFileType = sourcecode.swift; path = AddressViewController.swift; sourceTree = "<group>"; };
		DEA454E62B8B64870017A7F3 /* CustomAddressItemView.swift */ = {isa = PBXFileReference; lastKnownFileType = sourcecode.swift; path = CustomAddressItemView.swift; sourceTree = "<group>"; };
		DEA454E82B8B7CD30017A7F3 /* AddressCustomButton.swift */ = {isa = PBXFileReference; lastKnownFileType = sourcecode.swift; path = AddressCustomButton.swift; sourceTree = "<group>"; };
		DEA454EA2B8B81F50017A7F3 /* CustomSpacerView.swift */ = {isa = PBXFileReference; lastKnownFileType = sourcecode.swift; path = CustomSpacerView.swift; sourceTree = "<group>"; };
		DEB0003F2B8BF1FE0018829A /* ShoppingBagCustomButton.swift */ = {isa = PBXFileReference; lastKnownFileType = sourcecode.swift; path = ShoppingBagCustomButton.swift; sourceTree = "<group>"; };
		DEC9F21B2B91214400392B33 /* AddressViewModel.swift */ = {isa = PBXFileReference; lastKnownFileType = sourcecode.swift; path = AddressViewModel.swift; sourceTree = "<group>"; };
		DEC9F2232B92243E00392B33 /* CustomCellButton.swift */ = {isa = PBXFileReference; lastKnownFileType = sourcecode.swift; path = CustomCellButton.swift; sourceTree = "<group>"; };
		DECF4B8C2B8FA28F00155830 /* ShoppingBagViewModel.swift */ = {isa = PBXFileReference; lastKnownFileType = sourcecode.swift; path = ShoppingBagViewModel.swift; sourceTree = "<group>"; };
		DECF4B8E2B9008C600155830 /* CheckoutViewModel.swift */ = {isa = PBXFileReference; lastKnownFileType = sourcecode.swift; path = CheckoutViewModel.swift; sourceTree = "<group>"; };
		DEDD832F2B8CA75800516BB4 /* CustomAddressItemView.swift */ = {isa = PBXFileReference; fileEncoding = 4; lastKnownFileType = sourcecode.swift; path = CustomAddressItemView.swift; sourceTree = "<group>"; };
		DEDD83302B8CA75800516BB4 /* AddressCustomButton.swift */ = {isa = PBXFileReference; fileEncoding = 4; lastKnownFileType = sourcecode.swift; path = AddressCustomButton.swift; sourceTree = "<group>"; };
		DEDD83312B8CA75800516BB4 /* CustomSpacerView.swift */ = {isa = PBXFileReference; fileEncoding = 4; lastKnownFileType = sourcecode.swift; path = CustomSpacerView.swift; sourceTree = "<group>"; };
		DEDD83322B8CA75800516BB4 /* AddressViewController.swift */ = {isa = PBXFileReference; fileEncoding = 4; lastKnownFileType = sourcecode.swift; path = AddressViewController.swift; sourceTree = "<group>"; };
		DEDD83342B8CA75800516BB4 /* AddressSettingCustomCell.swift */ = {isa = PBXFileReference; fileEncoding = 4; lastKnownFileType = sourcecode.swift; path = AddressSettingCustomCell.swift; sourceTree = "<group>"; };
		DEDD83352B8CA75800516BB4 /* SettingsViewController.swift */ = {isa = PBXFileReference; fileEncoding = 4; lastKnownFileType = sourcecode.swift; path = SettingsViewController.swift; sourceTree = "<group>"; };
		DEDD83362B8CA75800516BB4 /* Settings.storyboard */ = {isa = PBXFileReference; fileEncoding = 4; lastKnownFileType = file.storyboard; path = Settings.storyboard; sourceTree = "<group>"; };
		DEDD83382B8CA75800516BB4 /* AddressesViewController.swift */ = {isa = PBXFileReference; fileEncoding = 4; lastKnownFileType = sourcecode.swift; path = AddressesViewController.swift; sourceTree = "<group>"; };
		DEDD83392B8CA75800516BB4 /* AddressesTableViewCell.swift */ = {isa = PBXFileReference; fileEncoding = 4; lastKnownFileType = sourcecode.swift; path = AddressesTableViewCell.swift; sourceTree = "<group>"; };
		DEDD833B2B8CA75800516BB4 /* ShoppingBagViewController.swift */ = {isa = PBXFileReference; fileEncoding = 4; lastKnownFileType = sourcecode.swift; path = ShoppingBagViewController.swift; sourceTree = "<group>"; };
		DEDD833C2B8CA75800516BB4 /* ShoppingBag.storyboard */ = {isa = PBXFileReference; fileEncoding = 4; lastKnownFileType = file.storyboard; path = ShoppingBag.storyboard; sourceTree = "<group>"; };
		DEDD833D2B8CA75800516BB4 /* ShoppingBagCustomCell.swift */ = {isa = PBXFileReference; fileEncoding = 4; lastKnownFileType = sourcecode.swift; path = ShoppingBagCustomCell.swift; sourceTree = "<group>"; };
		DEDD833E2B8CA75800516BB4 /* ShoppingBagCustomButton.swift */ = {isa = PBXFileReference; fileEncoding = 4; lastKnownFileType = sourcecode.swift; path = ShoppingBagCustomButton.swift; sourceTree = "<group>"; };
		DEDD83512B8D022E00516BB4 /* CheckoutViewController.swift */ = {isa = PBXFileReference; lastKnownFileType = sourcecode.swift; path = CheckoutViewController.swift; sourceTree = "<group>"; };
		DEEE04BE2B8DE1C7002D290C /* Shopify.entitlements */ = {isa = PBXFileReference; lastKnownFileType = text.plist.entitlements; path = Shopify.entitlements; sourceTree = "<group>"; };
		DEEE04BF2B8DFCFD002D290C /* CheckoutCustomButton.swift */ = {isa = PBXFileReference; lastKnownFileType = sourcecode.swift; path = CheckoutCustomButton.swift; sourceTree = "<group>"; };
		DEEE04C12B8E7EC7002D290C /* LogoutCustomButton.swift */ = {isa = PBXFileReference; lastKnownFileType = sourcecode.swift; path = LogoutCustomButton.swift; sourceTree = "<group>"; };
		EF47FD3F019FAD9004AC55E4 /* Pods-Shopify-ShopifyUITests.release.xcconfig */ = {isa = PBXFileReference; includeInIndex = 1; lastKnownFileType = text.xcconfig; name = "Pods-Shopify-ShopifyUITests.release.xcconfig"; path = "Target Support Files/Pods-Shopify-ShopifyUITests/Pods-Shopify-ShopifyUITests.release.xcconfig"; sourceTree = "<group>"; };
		FEE1CCACC446A9ED3350A214 /* Pods-Shopify-ShopifyUITests.debug.xcconfig */ = {isa = PBXFileReference; includeInIndex = 1; lastKnownFileType = text.xcconfig; name = "Pods-Shopify-ShopifyUITests.debug.xcconfig"; path = "Target Support Files/Pods-Shopify-ShopifyUITests/Pods-Shopify-ShopifyUITests.debug.xcconfig"; sourceTree = "<group>"; };
/* End PBXFileReference section */

/* Begin PBXFrameworksBuildPhase section */
		04A574042B84D669007BFC98 /* Frameworks */ = {
			isa = PBXFrameworksBuildPhase;
			buildActionMask = 2147483647;
			files = (
				04F6616C2B8D81CA00F26224 /* FirebaseAnalyticsSwift in Frameworks */,
				04F6616A2B8D81CA00F26224 /* FirebaseAnalytics in Frameworks */,
				DB86D0BA5115A0312D1408F5 /* Pods_Shopify.framework in Frameworks */,
				04F6616E2B8D81CA00F26224 /* FirebaseAuth in Frameworks */,
			);
			runOnlyForDeploymentPostprocessing = 0;
		};
		04A5741D2B84D66D007BFC98 /* Frameworks */ = {
			isa = PBXFrameworksBuildPhase;
			buildActionMask = 2147483647;
			files = (
				4E7EFC779A263136C40B3548 /* Pods_ShopifyTests.framework in Frameworks */,
			);
			runOnlyForDeploymentPostprocessing = 0;
		};
		04A574272B84D66D007BFC98 /* Frameworks */ = {
			isa = PBXFrameworksBuildPhase;
			buildActionMask = 2147483647;
			files = (
				754B9BF1A72B10895F3FFDE1 /* Pods_Shopify_ShopifyUITests.framework in Frameworks */,
			);
			runOnlyForDeploymentPostprocessing = 0;
		};
/* End PBXFrameworksBuildPhase section */

/* Begin PBXGroup section */
		04180AC42B869BAA007CA253 /* API */ = {
			isa = PBXGroup;
			children = (
				04180AC52B869BBE007CA253 /* APIHandler.swift */,
			);
			path = API;
			sourceTree = "<group>";
		};
		04180ACB2B86A533007CA253 /* CustomComponents */ = {
			isa = PBXGroup;
			children = (
				04180ACC2B86A540007CA253 /* CustomButton */,
			);
			path = CustomComponents;
			sourceTree = "<group>";
		};
		04180ACC2B86A540007CA253 /* CustomButton */ = {
			isa = PBXGroup;
			children = (
				04180ACD2B86A565007CA253 /* CustomButton.swift */,
				DEC9F2232B92243E00392B33 /* CustomCellButton.swift */,
			);
			path = CustomButton;
			sourceTree = "<group>";
		};
		044631C52B8A2900001F9371 /* Auth */ = {
			isa = PBXGroup;
			children = (
				04EB474A2B8CC31A0056EA36 /* SignUp */,
				04EB47492B8CBF310056EA36 /* Login */,
			);
			path = Auth;
			sourceTree = "<group>";
		};
		044631C62B8A290A001F9371 /* View */ = {
			isa = PBXGroup;
			children = (
				044631CB2B8A4300001F9371 /* LoginViewController.swift */,
				044631C92B8A309D001F9371 /* LoginPage.storyboard */,
			);
			path = View;
			sourceTree = "<group>";
		};
		044631C72B8A2911001F9371 /* Model */ = {
			isa = PBXGroup;
			children = (
			);
			path = Model;
			sourceTree = "<group>";
		};
		044631C82B8A2919001F9371 /* ViewModel */ = {
			isa = PBXGroup;
			children = (
				044631CD2B8ABC05001F9371 /* LoginViewModel.swift */,
			);
			path = ViewModel;
			sourceTree = "<group>";
		};
		048DC9D22B8D14C4006623C9 /* MeScreen */ = {
			isa = PBXGroup;
			children = (
				048DC9D42B8D14D4006623C9 /* ViewModel */,
				048DC9D32B8D14CD006623C9 /* View */,
			);
			path = MeScreen;
			sourceTree = "<group>";
		};
		048DC9D32B8D14CD006623C9 /* View */ = {
			isa = PBXGroup;
			children = (
				048DC9D52B8D14E8006623C9 /* MeScreen.storyboard */,
				048DC9D72B8D153E006623C9 /* MeScreenViewController.swift */,
				048A7EA02B8D234A002A4C51 /* NotLoggedMeScreenViewController.swift */,
			);
			path = View;
			sourceTree = "<group>";
		};
		048DC9D42B8D14D4006623C9 /* ViewModel */ = {
			isa = PBXGroup;
			children = (
				048A7EA22B8D4F4F002A4C51 /* MeScreenViewModel.swift */,
			);
			path = ViewModel;
			sourceTree = "<group>";
		};
		04956AA72B927C04005AE66E /* LaunchScreen */ = {
			isa = PBXGroup;
			children = (
				04956AA82B927C0E005AE66E /* View */,
			);
			path = LaunchScreen;
			sourceTree = "<group>";
		};
		04956AA82B927C0E005AE66E /* View */ = {
			isa = PBXGroup;
			children = (
				04956AA92B927C1C005AE66E /* LaunchScreenViewController.swift */,
			);
			path = View;
			sourceTree = "<group>";
		};
		04956AAB2B92A3F0005AE66E /* OrderSummary */ = {
			isa = PBXGroup;
			children = (
				04956AAC2B92A422005AE66E /* OrderSummaryCollectionViewCell.swift */,
				04956AAD2B92A422005AE66E /* OrderSummaryCollectionViewCell.xib */,
			);
			path = OrderSummary;
			sourceTree = "<group>";
		};
		049FF9DD2B8E653B00004CAB /* OrdersScreen */ = {
			isa = PBXGroup;
			children = (
				049FF9E02B8E65EC00004CAB /* ViewModel */,
				049FF9DF2B8E65E500004CAB /* View */,
			);
			path = OrdersScreen;
			sourceTree = "<group>";
		};
		049FF9DE2B8E654700004CAB /* OrdersSummaryScreen */ = {
			isa = PBXGroup;
			children = (
				049FF9E42B8E674300004CAB /* ViewModel */,
				049FF9E32B8E673C00004CAB /* View */,
			);
			path = OrdersSummaryScreen;
			sourceTree = "<group>";
		};
		049FF9DF2B8E65E500004CAB /* View */ = {
			isa = PBXGroup;
			children = (
				049FF9E92B8E74D700004CAB /* Cell */,
				049FF9E12B8E673400004CAB /* OrdersScreen.storyboard */,
				049FF9E52B8E676600004CAB /* OrdersScreenViewController.swift */,
			);
			path = View;
			sourceTree = "<group>";
		};
		049FF9E02B8E65EC00004CAB /* ViewModel */ = {
			isa = PBXGroup;
			children = (
				049FF9E72B8E683E00004CAB /* OrdersScreenViewModel.swift */,
			);
			path = ViewModel;
			sourceTree = "<group>";
		};
		049FF9E32B8E673C00004CAB /* View */ = {
			isa = PBXGroup;
			children = (
				049FF9F12B8E9E0500004CAB /* OrderSummaryScreenViewController.swift */,
			);
			path = View;
			sourceTree = "<group>";
		};
		049FF9E42B8E674300004CAB /* ViewModel */ = {
			isa = PBXGroup;
			children = (
				049FF9F32B8EA0F700004CAB /* OrderSummaryScreenViewModel.swift */,
			);
			path = ViewModel;
			sourceTree = "<group>";
		};
		049FF9E92B8E74D700004CAB /* Cell */ = {
			isa = PBXGroup;
			children = (
				049FF9EB2B8E754B00004CAB /* OrdersTableViewCell.swift */,
				049FF9EC2B8E754B00004CAB /* OrdersTableViewCell.xib */,
			);
			path = Cell;
			sourceTree = "<group>";
		};
		04A2A70D2B85195A00991FCC /* Modules */ = {
			isa = PBXGroup;
			children = (
				04B53F7B2B934AF100F40A0A /* NewOrderSummaryScreen */,
				04956AA72B927C04005AE66E /* LaunchScreen */,
				049FF9DE2B8E654700004CAB /* OrdersSummaryScreen */,
				049FF9DD2B8E653B00004CAB /* OrdersScreen */,
				044631C52B8A2900001F9371 /* Auth */,
				048DC9D22B8D14C4006623C9 /* MeScreen */,
				04DA8D942B8C16E300295473 /* CategoryScreen */,
				04CF29732B8BA93200454075 /* BrandScreen */,
				04F133BB2B89639700F49963 /* HomeScreen */,
				DEDD832B2B8CA75800516BB4 /* Settings */,
				DEDD833A2B8CA75800516BB4 /* ShoppingBag */,
				04CF29692B8B531B00454075 /* TabBarController */,
			);
			path = Modules;
			sourceTree = "<group>";
		};
		04A573FE2B84D669007BFC98 = {
			isa = PBXGroup;
			children = (
				04A574092B84D669007BFC98 /* Shopify */,
				04A574232B84D66D007BFC98 /* ShopifyTests */,
				04A5742D2B84D66D007BFC98 /* ShopifyUITests */,
				04A574082B84D669007BFC98 /* Products */,
				BEAA5EBF518F8924070E8FF3 /* Pods */,
				3F097D484F90BBB69AAFF889 /* Frameworks */,
				DEDD832A2B8CA67B00516BB4 /* Recovered References */,
			);
			sourceTree = "<group>";
		};
		04A574082B84D669007BFC98 /* Products */ = {
			isa = PBXGroup;
			children = (
				04A574072B84D669007BFC98 /* Shopify.app */,
				04A574202B84D66D007BFC98 /* ShopifyTests.xctest */,
				04A5742A2B84D66D007BFC98 /* ShopifyUITests.xctest */,
			);
			name = Products;
			sourceTree = "<group>";
		};
		04A574092B84D669007BFC98 /* Shopify */ = {
			isa = PBXGroup;
			children = (
				04810AD82B940FD100321195 /* GoogleService-Info.plist */,
				DEEE04BE2B8DE1C7002D290C /* Shopify.entitlements */,
				04A2A70D2B85195A00991FCC /* Modules */,
				04A574422B84D6AE007BFC98 /* Utility */,
				04A574412B84D69B007BFC98 /* Caching */,
				04A574402B84D692007BFC98 /* Network */,
				04A5743F2B84D68B007BFC98 /* ViewModels */,
				04A5743E2B84D686007BFC98 /* Models */,
				04A5743D2B84D680007BFC98 /* View */,
				04A5740A2B84D669007BFC98 /* AppDelegate.swift */,
				04A5740C2B84D669007BFC98 /* SceneDelegate.swift */,
				04A5740E2B84D669007BFC98 /* ViewController.swift */,
				04A574162B84D66C007BFC98 /* Assets.xcassets */,
				04A5741B2B84D66C007BFC98 /* Info.plist */,
				04A574132B84D669007BFC98 /* Shopify.xcdatamodeld */,
			);
			path = Shopify;
			sourceTree = "<group>";
		};
		04A574232B84D66D007BFC98 /* ShopifyTests */ = {
			isa = PBXGroup;
			children = (
				04A574242B84D66D007BFC98 /* ShopifyTests.swift */,
				043E549F2B87F5BA00F8CDA7 /* NetworkManagerTests.swift */,
				04DA8D922B8BEEF800295473 /* BrandScreenViewModelTests.swift */,
				048DC9CA2B8CEC8B006623C9 /* HomeScreenViewModelTests.swift */,
				0493F8772B8C666B00D3A4F1 /* CategoryScreenViewModelTests.swift */,
				049FF9EF2B8E8D2B00004CAB /* OrdersScreenViewModelTests.swift */,
				04B53F792B93366900F40A0A /* MeScreenViewModelTests.swift */,
				04B53F842B934C5A00F40A0A /* NewOrderSummaryViewModelTests.swift */,
			);
			path = ShopifyTests;
			sourceTree = "<group>";
		};
		04A5742D2B84D66D007BFC98 /* ShopifyUITests */ = {
			isa = PBXGroup;
			children = (
				04A5742E2B84D66D007BFC98 /* ShopifyUITests.swift */,
				04A574302B84D66D007BFC98 /* ShopifyUITestsLaunchTests.swift */,
			);
			path = ShopifyUITests;
			sourceTree = "<group>";
		};
		04A5743D2B84D680007BFC98 /* View */ = {
			isa = PBXGroup;
			children = (
				04956AAB2B92A3F0005AE66E /* OrderSummary */,
				04E385222B8BB0FE00DEADB3 /* ProductCell */,
				04180ACB2B86A533007CA253 /* CustomComponents */,
				04A574102B84D669007BFC98 /* Main.storyboard */,
				04A574182B84D66C007BFC98 /* LaunchScreen.storyboard */,
			);
			path = View;
			sourceTree = "<group>";
		};
		04A5743E2B84D686007BFC98 /* Models */ = {
			isa = PBXGroup;
			children = (
				DE14CF592B89186100FC1C8D /* Customer.swift */,
				DE14CF5B2B8918D600FC1C8D /* Address.swift */,
				DE14CF5D2B89197900FC1C8D /* PriceRule.swift */,
				DE14CF5F2B8919A900FC1C8D /* DiscountCode.swift */,
				043E549D2B879B1A00F8CDA7 /* Products.swift */,
				043E54A12B87FB0600F8CDA7 /* Orders.swift */,
				04F133B52B8945B600F49963 /* Brands.swift */,
				04F133B72B8946ED00F49963 /* Categories.swift */,
				049FF9DA2B8E4F1500004CAB /* DraftOrder.swift */,
			);
			path = Models;
			sourceTree = "<group>";
		};
		04A5743F2B84D68B007BFC98 /* ViewModels */ = {
			isa = PBXGroup;
			children = (
				04A5744E2B84D721007BFC98 /* dummyViewModel.swift */,
			);
			path = ViewModels;
			sourceTree = "<group>";
		};
		04A574402B84D692007BFC98 /* Network */ = {
			isa = PBXGroup;
			children = (
				04A574452B84D6D8007BFC98 /* NetworkManager.swift */,
				04A574482B84D6FE007BFC98 /* NetworkReachability.swift */,
			);
			path = Network;
			sourceTree = "<group>";
		};
		04A574412B84D69B007BFC98 /* Caching */ = {
			isa = PBXGroup;
			children = (
				04A2A70B2B85190D00991FCC /* dummyCoreData.swift */,
			);
			path = Caching;
			sourceTree = "<group>";
		};
		04A574422B84D6AE007BFC98 /* Utility */ = {
			isa = PBXGroup;
			children = (
				04E385292B8BC97000DEADB3 /* Animations */,
				04180AC42B869BAA007CA253 /* API */,
				04B04F5C2B85241D004C16D6 /* fonts */,
				043E549B2B8797F300F8CDA7 /* Alert.swift */,
				048DC9C82B8CEC61006623C9 /* Extensions.swift */,
			);
			path = Utility;
			sourceTree = "<group>";
		};
		04B04F5C2B85241D004C16D6 /* fonts */ = {
			isa = PBXGroup;
			children = (
				04B04F602B85248A004C16D6 /* MontserratLight.ttf */,
				04B04F5E2B85248A004C16D6 /* MontserratMedium.ttf */,
				04B04F5D2B85248A004C16D6 /* MontserratRegular.ttf */,
				04B04F5F2B85248A004C16D6 /* MontserratSemiBold.ttf */,
			);
			path = fonts;
			sourceTree = "<group>";
		};
		04B53F7B2B934AF100F40A0A /* NewOrderSummaryScreen */ = {
			isa = PBXGroup;
			children = (
				04B53F7D2B934B0700F40A0A /* ViewModel */,
				04B53F7C2B934B0200F40A0A /* View */,
			);
			path = NewOrderSummaryScreen;
			sourceTree = "<group>";
		};
		04B53F7C2B934B0200F40A0A /* View */ = {
			isa = PBXGroup;
			children = (
				04B53F7E2B934B2600F40A0A /* PlacingOrder.storyboard */,
				04B53F802B934C2900F40A0A /* NewOrderSummaryTableViewController.swift */,
			);
			path = View;
			sourceTree = "<group>";
		};
		04B53F7D2B934B0700F40A0A /* ViewModel */ = {
			isa = PBXGroup;
			children = (
				04B53F822B934C3F00F40A0A /* NewOrderSummaryViewModel.swift */,
			);
			path = ViewModel;
			sourceTree = "<group>";
		};
		04CF29692B8B531B00454075 /* TabBarController */ = {
			isa = PBXGroup;
			children = (
				04CF296A2B8B532C00454075 /* View */,
			);
			path = TabBarController;
			sourceTree = "<group>";
		};
		04CF296A2B8B532C00454075 /* View */ = {
			isa = PBXGroup;
			children = (
				04CF296B2B8B536600454075 /* TabBar.storyboard */,
				04CF296D2B8B543B00454075 /* TabBarViewController.swift */,
			);
			path = View;
			sourceTree = "<group>";
		};
		04CF29732B8BA93200454075 /* BrandScreen */ = {
			isa = PBXGroup;
			children = (
				04CF29752B8BA94800454075 /* ViewModel */,
				04CF29742B8BA94100454075 /* View */,
			);
			path = BrandScreen;
			sourceTree = "<group>";
		};
		04CF29742B8BA94100454075 /* View */ = {
			isa = PBXGroup;
			children = (
				04CF29762B8BA9A800454075 /* BrandScreenViewController.swift */,
			);
			path = View;
			sourceTree = "<group>";
		};
		04CF29752B8BA94800454075 /* ViewModel */ = {
			isa = PBXGroup;
			children = (
				04E385272B8BB35B00DEADB3 /* BrandScreenViewModel.swift */,
			);
			path = ViewModel;
			sourceTree = "<group>";
		};
		04DA8D942B8C16E300295473 /* CategoryScreen */ = {
			isa = PBXGroup;
			children = (
				04DA8D962B8C170000295473 /* ViewModel */,
				04DA8D952B8C16FA00295473 /* View */,
			);
			path = CategoryScreen;
			sourceTree = "<group>";
		};
		04DA8D952B8C16FA00295473 /* View */ = {
			isa = PBXGroup;
			children = (
				04DA8D9B2B8C200800295473 /* Cell */,
				04DA8D972B8C187300295473 /* CategoryScreen.storyboard */,
				04DA8D992B8C1A7100295473 /* CategoryScreenViewController.swift */,
			);
			path = View;
			sourceTree = "<group>";
		};
		04DA8D962B8C170000295473 /* ViewModel */ = {
			isa = PBXGroup;
			children = (
				04DA8DA02B8C3FCD00295473 /* CategoryScreenViewModel.swift */,
			);
			path = ViewModel;
			sourceTree = "<group>";
		};
		04DA8D9B2B8C200800295473 /* Cell */ = {
			isa = PBXGroup;
			children = (
				04DA8D9C2B8C202500295473 /* FilterCollectionViewCell.swift */,
				04DA8D9D2B8C202500295473 /* FilterCollectionViewCell.xib */,
			);
			path = Cell;
			sourceTree = "<group>";
		};
		04E385222B8BB0FE00DEADB3 /* ProductCell */ = {
			isa = PBXGroup;
			children = (
				04E385232B8BB12400DEADB3 /* ProductCollectionViewCell.swift */,
				04E385242B8BB12400DEADB3 /* ProductCollectionViewCell.xib */,
			);
			path = ProductCell;
			sourceTree = "<group>";
		};
		04E385292B8BC97000DEADB3 /* Animations */ = {
			isa = PBXGroup;
			children = (
				04E3852D2B8BC9FF00DEADB3 /* congrats.json */,
				04E3852E2B8BC9FF00DEADB3 /* done.json */,
				04E3852C2B8BC9FF00DEADB3 /* shopLink.json */,
				04E3852A2B8BC9EB00DEADB3 /* fav.json */,
			);
			path = Animations;
			sourceTree = "<group>";
		};
		04EB47492B8CBF310056EA36 /* Login */ = {
			isa = PBXGroup;
			children = (
				044631C82B8A2919001F9371 /* ViewModel */,
				044631C72B8A2911001F9371 /* Model */,
				044631C62B8A290A001F9371 /* View */,
			);
			path = Login;
			sourceTree = "<group>";
		};
		04EB474A2B8CC31A0056EA36 /* SignUp */ = {
			isa = PBXGroup;
			children = (
				04F8CD5E2B93F85D0003E8D4 /* ViewModel */,
				04EB474C2B8CC3370056EA36 /* Model */,
				04EB474B2B8CC32B0056EA36 /* View */,
			);
			path = SignUp;
			sourceTree = "<group>";
		};
		04EB474B2B8CC32B0056EA36 /* View */ = {
			isa = PBXGroup;
			children = (
				04EB47502B8CC37A0056EA36 /* SignUpPageViewController.swift */,
				04EB474E2B8CC3610056EA36 /* SignUpPage.storyboard */,
			);
			path = View;
			sourceTree = "<group>";
		};
		04EB474C2B8CC3370056EA36 /* Model */ = {
			isa = PBXGroup;
			children = (
			);
			path = Model;
			sourceTree = "<group>";
		};
		04F133BB2B89639700F49963 /* HomeScreen */ = {
			isa = PBXGroup;
			children = (
				04F133BD2B8963B500F49963 /* ViewModel */,
				04F133BC2B8963AB00F49963 /* View */,
			);
			path = HomeScreen;
			sourceTree = "<group>";
		};
		04F133BC2B8963AB00F49963 /* View */ = {
			isa = PBXGroup;
			children = (
				04F133C22B8963F100F49963 /* Cells */,
				04F133BE2B8963D000F49963 /* HomeScreen.storyboard */,
				04F133C02B8963E300F49963 /* HomeScreenViewController.swift */,
			);
			path = View;
			sourceTree = "<group>";
		};
		04F133BD2B8963B500F49963 /* ViewModel */ = {
			isa = PBXGroup;
			children = (
				04F133CC2B89698700F49963 /* HomeScreenViewModel.swift */,
			);
			path = ViewModel;
			sourceTree = "<group>";
		};
		04F133C22B8963F100F49963 /* Cells */ = {
			isa = PBXGroup;
			children = (
				048DC9C22B8CEC17006623C9 /* AdsCollectionViewCell.swift */,
				04F133C92B89643000F49963 /* AdsCollectionViewCell.xib */,
				048DC9C42B8CEC2A006623C9 /* BrandCollectionViewCell.swift */,
				048DC9C52B8CEC2B006623C9 /* BrandCollectionViewCell.xib */,
			);
			path = Cells;
			sourceTree = "<group>";
		};
		04F8CD5E2B93F85D0003E8D4 /* ViewModel */ = {
			isa = PBXGroup;
			children = (
			);
			path = ViewModel;
			sourceTree = "<group>";
		};
		3F097D484F90BBB69AAFF889 /* Frameworks */ = {
			isa = PBXGroup;
			children = (
				6B5F6EA694ECBFA2B240E273 /* Pods_Shopify.framework */,
				17550154E7C3054FB1DFD428 /* Pods_Shopify_ShopifyUITests.framework */,
				BD0FA4B994C7C0EA923F6CF3 /* Pods_ShopifyTests.framework */,
			);
			name = Frameworks;
			sourceTree = "<group>";
		};
		BEAA5EBF518F8924070E8FF3 /* Pods */ = {
			isa = PBXGroup;
			children = (
				1FA4EEF87A19F18450ECD80F /* Pods-Shopify.debug.xcconfig */,
				84BCFB8110459A3E88985C72 /* Pods-Shopify.release.xcconfig */,
				FEE1CCACC446A9ED3350A214 /* Pods-Shopify-ShopifyUITests.debug.xcconfig */,
				EF47FD3F019FAD9004AC55E4 /* Pods-Shopify-ShopifyUITests.release.xcconfig */,
				C766A2324B4FC970B4C792FC /* Pods-ShopifyTests.debug.xcconfig */,
				4325952B90A5AD074F89678C /* Pods-ShopifyTests.release.xcconfig */,
			);
			path = Pods;
			sourceTree = "<group>";
		};
		DEC9F21A2B91210B00392B33 /* ViewModel */ = {
			isa = PBXGroup;
			children = (
				DEC9F21B2B91214400392B33 /* AddressViewModel.swift */,
			);
			path = ViewModel;
			sourceTree = "<group>";
		};
		DECF4B8B2B8FA23700155830 /* ViewModels */ = {
			isa = PBXGroup;
			children = (
				DECF4B8C2B8FA28F00155830 /* ShoppingBagViewModel.swift */,
				DECF4B8E2B9008C600155830 /* CheckoutViewModel.swift */,
			);
			path = ViewModels;
			sourceTree = "<group>";
		};
		DEDD832A2B8CA67B00516BB4 /* Recovered References */ = {
			isa = PBXGroup;
			children = (
				DE4A876C2B8BE4C800B8FBC3 /* ShoppingBagViewController.swift */,
				DEB0003F2B8BF1FE0018829A /* ShoppingBagCustomButton.swift */,
				DEA454E62B8B64870017A7F3 /* CustomAddressItemView.swift */,
				DE4A87672B8BBA8A00B8FBC3 /* DeliveryAddressSettingCustomCell.swift */,
				DE778FA02B8A9A9000F3798A /* AddressesTableViewCell.swift */,
				DE4A876E2B8BE4F900B8FBC3 /* ShoppingBagCustomCell.swift */,
				DEA454DF2B8B58E20017A7F3 /* AddressViewController.swift */,
				DEA454E82B8B7CD30017A7F3 /* AddressCustomButton.swift */,
				DE778F9E2B8A9A5700F3798A /* AddressesViewController.swift */,
				DEA454EA2B8B81F50017A7F3 /* CustomSpacerView.swift */,
				DE4A87692B8BBAAD00B8FBC3 /* SettingsViewController.swift */,
				DE778F982B8A99C800F3798A /* Settings.storyboard */,
				DE4A87702B8BE5DE00B8FBC3 /* ShoppingBag.storyboard */,
			);
			name = "Recovered References";
			sourceTree = "<group>";
		};
		DEDD832B2B8CA75800516BB4 /* Settings */ = {
			isa = PBXGroup;
			children = (
				DEC9F21A2B91210B00392B33 /* ViewModel */,
				DEDD832C2B8CA75800516BB4 /* View */,
			);
			path = Settings;
			sourceTree = "<group>";
		};
		DEDD832C2B8CA75800516BB4 /* View */ = {
			isa = PBXGroup;
			children = (
				DEDD832D2B8CA75800516BB4 /* Address */,
			);
			path = View;
			sourceTree = "<group>";
		};
		DEDD832D2B8CA75800516BB4 /* Address */ = {
			isa = PBXGroup;
			children = (
				DEDD832E2B8CA75800516BB4 /* AddressView */,
				DEDD83332B8CA75800516BB4 /* SettingsView */,
				DEDD83362B8CA75800516BB4 /* Settings.storyboard */,
				DEDD83372B8CA75800516BB4 /* AllAddressesView */,
			);
			path = Address;
			sourceTree = "<group>";
		};
		DEDD832E2B8CA75800516BB4 /* AddressView */ = {
			isa = PBXGroup;
			children = (
				DEDD832F2B8CA75800516BB4 /* CustomAddressItemView.swift */,
				DEDD83302B8CA75800516BB4 /* AddressCustomButton.swift */,
				DEDD83312B8CA75800516BB4 /* CustomSpacerView.swift */,
				DEDD83322B8CA75800516BB4 /* AddressViewController.swift */,
			);
			path = AddressView;
			sourceTree = "<group>";
		};
		DEDD83332B8CA75800516BB4 /* SettingsView */ = {
			isa = PBXGroup;
			children = (
				DEDD83342B8CA75800516BB4 /* AddressSettingCustomCell.swift */,
				DEDD83352B8CA75800516BB4 /* SettingsViewController.swift */,
				DEEE04C12B8E7EC7002D290C /* LogoutCustomButton.swift */,
			);
			path = SettingsView;
			sourceTree = "<group>";
		};
		DEDD83372B8CA75800516BB4 /* AllAddressesView */ = {
			isa = PBXGroup;
			children = (
				DEDD83382B8CA75800516BB4 /* AddressesViewController.swift */,
				DEDD83392B8CA75800516BB4 /* AddressesTableViewCell.swift */,
			);
			path = AllAddressesView;
			sourceTree = "<group>";
		};
		DEDD833A2B8CA75800516BB4 /* ShoppingBag */ = {
			isa = PBXGroup;
			children = (
				DECF4B8B2B8FA23700155830 /* ViewModels */,
				DEDD834F2B8CE58400516BB4 /* view */,
			);
			path = ShoppingBag;
			sourceTree = "<group>";
		};
		DEDD834C2B8CE54A00516BB4 /* Checkout */ = {
			isa = PBXGroup;
			children = (
				DEDD83512B8D022E00516BB4 /* CheckoutViewController.swift */,
				DEEE04BF2B8DFCFD002D290C /* CheckoutCustomButton.swift */,
			);
			path = Checkout;
			sourceTree = "<group>";
		};
		DEDD834F2B8CE58400516BB4 /* view */ = {
			isa = PBXGroup;
			children = (
				DEDD833C2B8CA75800516BB4 /* ShoppingBag.storyboard */,
				DEDD83502B8CE59300516BB4 /* ShoppingBag */,
				DEDD834C2B8CE54A00516BB4 /* Checkout */,
			);
			path = view;
			sourceTree = "<group>";
		};
		DEDD83502B8CE59300516BB4 /* ShoppingBag */ = {
			isa = PBXGroup;
			children = (
				DEDD833B2B8CA75800516BB4 /* ShoppingBagViewController.swift */,
				DEDD833D2B8CA75800516BB4 /* ShoppingBagCustomCell.swift */,
				DEDD833E2B8CA75800516BB4 /* ShoppingBagCustomButton.swift */,
			);
			path = ShoppingBag;
			sourceTree = "<group>";
		};
/* End PBXGroup section */

/* Begin PBXNativeTarget section */
		04A574062B84D669007BFC98 /* Shopify */ = {
			isa = PBXNativeTarget;
			buildConfigurationList = 04A574342B84D66D007BFC98 /* Build configuration list for PBXNativeTarget "Shopify" */;
			buildPhases = (
				EC61C9F1A83238D65270B9F2 /* [CP] Check Pods Manifest.lock */,
				04A574032B84D669007BFC98 /* Sources */,
				04A574042B84D669007BFC98 /* Frameworks */,
				04A574052B84D669007BFC98 /* Resources */,
				65A2D8B11442BCFF1F14EDA9 /* [CP] Embed Pods Frameworks */,
			);
			buildRules = (
			);
			dependencies = (
			);
			name = Shopify;
			packageProductDependencies = (
				04F661692B8D81CA00F26224 /* FirebaseAnalytics */,
				04F6616B2B8D81CA00F26224 /* FirebaseAnalyticsSwift */,
				04F6616D2B8D81CA00F26224 /* FirebaseAuth */,
			);
			productName = Shopify;
			productReference = 04A574072B84D669007BFC98 /* Shopify.app */;
			productType = "com.apple.product-type.application";
		};
		04A5741F2B84D66D007BFC98 /* ShopifyTests */ = {
			isa = PBXNativeTarget;
			buildConfigurationList = 04A574372B84D66D007BFC98 /* Build configuration list for PBXNativeTarget "ShopifyTests" */;
			buildPhases = (
				36CB192998383F6371FBF0DE /* [CP] Check Pods Manifest.lock */,
				04A5741C2B84D66D007BFC98 /* Sources */,
				04A5741D2B84D66D007BFC98 /* Frameworks */,
				04A5741E2B84D66D007BFC98 /* Resources */,
			);
			buildRules = (
			);
			dependencies = (
				04A574222B84D66D007BFC98 /* PBXTargetDependency */,
			);
			name = ShopifyTests;
			productName = ShopifyTests;
			productReference = 04A574202B84D66D007BFC98 /* ShopifyTests.xctest */;
			productType = "com.apple.product-type.bundle.unit-test";
		};
		04A574292B84D66D007BFC98 /* ShopifyUITests */ = {
			isa = PBXNativeTarget;
			buildConfigurationList = 04A5743A2B84D66D007BFC98 /* Build configuration list for PBXNativeTarget "ShopifyUITests" */;
			buildPhases = (
				09D576376BECB5A991D42AEF /* [CP] Check Pods Manifest.lock */,
				04A574262B84D66D007BFC98 /* Sources */,
				04A574272B84D66D007BFC98 /* Frameworks */,
				04A574282B84D66D007BFC98 /* Resources */,
				7AF89FB7ABC6B667C2395D3C /* [CP] Embed Pods Frameworks */,
			);
			buildRules = (
			);
			dependencies = (
				04A5742C2B84D66D007BFC98 /* PBXTargetDependency */,
			);
			name = ShopifyUITests;
			productName = ShopifyUITests;
			productReference = 04A5742A2B84D66D007BFC98 /* ShopifyUITests.xctest */;
			productType = "com.apple.product-type.bundle.ui-testing";
		};
/* End PBXNativeTarget section */

/* Begin PBXProject section */
		04A573FF2B84D669007BFC98 /* Project object */ = {
			isa = PBXProject;
			attributes = {
				BuildIndependentTargetsInParallel = 1;
				LastSwiftUpdateCheck = 1510;
				LastUpgradeCheck = 1510;
				TargetAttributes = {
					04A574062B84D669007BFC98 = {
						CreatedOnToolsVersion = 15.1;
					};
					04A5741F2B84D66D007BFC98 = {
						CreatedOnToolsVersion = 15.1;
						TestTargetID = 04A574062B84D669007BFC98;
					};
					04A574292B84D66D007BFC98 = {
						CreatedOnToolsVersion = 15.1;
						TestTargetID = 04A574062B84D669007BFC98;
					};
				};
			};
			buildConfigurationList = 04A574022B84D669007BFC98 /* Build configuration list for PBXProject "Shopify" */;
			compatibilityVersion = "Xcode 14.0";
			developmentRegion = en;
			hasScannedForEncodings = 0;
			knownRegions = (
				en,
				Base,
			);
			mainGroup = 04A573FE2B84D669007BFC98;
			packageReferences = (
				04F661682B8D81CA00F26224 /* XCRemoteSwiftPackageReference "firebase-ios-sdk" */,
			);
			productRefGroup = 04A574082B84D669007BFC98 /* Products */;
			projectDirPath = "";
			projectRoot = "";
			targets = (
				04A574062B84D669007BFC98 /* Shopify */,
				04A5741F2B84D66D007BFC98 /* ShopifyTests */,
				04A574292B84D66D007BFC98 /* ShopifyUITests */,
			);
		};
/* End PBXProject section */

/* Begin PBXResourcesBuildPhase section */
		04A574052B84D669007BFC98 /* Resources */ = {
			isa = PBXResourcesBuildPhase;
			buildActionMask = 2147483647;
			files = (
				049FF9EE2B8E754B00004CAB /* OrdersTableViewCell.xib in Resources */,
				04DA8D9F2B8C202500295473 /* FilterCollectionViewCell.xib in Resources */,
				04B04F632B85248A004C16D6 /* MontserratSemiBold.ttf in Resources */,
				044631CA2B8A309D001F9371 /* LoginPage.storyboard in Resources */,
				048DC9C72B8CEC2B006623C9 /* BrandCollectionViewCell.xib in Resources */,
				04F133CB2B89643000F49963 /* AdsCollectionViewCell.xib in Resources */,
				04A5741A2B84D66C007BFC98 /* LaunchScreen.storyboard in Resources */,
				04A574172B84D66C007BFC98 /* Assets.xcassets in Resources */,
				DEDD83492B8CA75800516BB4 /* ShoppingBag.storyboard in Resources */,
				04E3852B2B8BC9EB00DEADB3 /* fav.json in Resources */,
				04956AAF2B92A422005AE66E /* OrderSummaryCollectionViewCell.xib in Resources */,
				04E385302B8BC9FF00DEADB3 /* congrats.json in Resources */,
				04E385262B8BB12400DEADB3 /* ProductCollectionViewCell.xib in Resources */,
				04810AD92B940FD100321195 /* GoogleService-Info.plist in Resources */,
				04B04F612B85248A004C16D6 /* MontserratRegular.ttf in Resources */,
				04CF296C2B8B536600454075 /* TabBar.storyboard in Resources */,
				049FF9E22B8E673400004CAB /* OrdersScreen.storyboard in Resources */,
				04A574122B84D669007BFC98 /* Main.storyboard in Resources */,
				DEDD83452B8CA75800516BB4 /* Settings.storyboard in Resources */,
				04E3852F2B8BC9FF00DEADB3 /* shopLink.json in Resources */,
				04F133BF2B8963D000F49963 /* HomeScreen.storyboard in Resources */,
				04B04F622B85248A004C16D6 /* MontserratMedium.ttf in Resources */,
				04EB474F2B8CC3610056EA36 /* SignUpPage.storyboard in Resources */,
				048DC9D62B8D14E8006623C9 /* MeScreen.storyboard in Resources */,
				04E385312B8BC9FF00DEADB3 /* done.json in Resources */,
				04B53F7F2B934B2600F40A0A /* PlacingOrder.storyboard in Resources */,
				04DA8D982B8C187300295473 /* CategoryScreen.storyboard in Resources */,
				04B04F642B85248A004C16D6 /* MontserratLight.ttf in Resources */,
			);
			runOnlyForDeploymentPostprocessing = 0;
		};
		04A5741E2B84D66D007BFC98 /* Resources */ = {
			isa = PBXResourcesBuildPhase;
			buildActionMask = 2147483647;
			files = (
			);
			runOnlyForDeploymentPostprocessing = 0;
		};
		04A574282B84D66D007BFC98 /* Resources */ = {
			isa = PBXResourcesBuildPhase;
			buildActionMask = 2147483647;
			files = (
			);
			runOnlyForDeploymentPostprocessing = 0;
		};
/* End PBXResourcesBuildPhase section */

/* Begin PBXShellScriptBuildPhase section */
		09D576376BECB5A991D42AEF /* [CP] Check Pods Manifest.lock */ = {
			isa = PBXShellScriptBuildPhase;
			buildActionMask = 2147483647;
			files = (
			);
			inputFileListPaths = (
			);
			inputPaths = (
				"${PODS_PODFILE_DIR_PATH}/Podfile.lock",
				"${PODS_ROOT}/Manifest.lock",
			);
			name = "[CP] Check Pods Manifest.lock";
			outputFileListPaths = (
			);
			outputPaths = (
				"$(DERIVED_FILE_DIR)/Pods-Shopify-ShopifyUITests-checkManifestLockResult.txt",
			);
			runOnlyForDeploymentPostprocessing = 0;
			shellPath = /bin/sh;
			shellScript = "diff \"${PODS_PODFILE_DIR_PATH}/Podfile.lock\" \"${PODS_ROOT}/Manifest.lock\" > /dev/null\nif [ $? != 0 ] ; then\n    # print error to STDERR\n    echo \"error: The sandbox is not in sync with the Podfile.lock. Run 'pod install' or update your CocoaPods installation.\" >&2\n    exit 1\nfi\n# This output is used by Xcode 'outputs' to avoid re-running this script phase.\necho \"SUCCESS\" > \"${SCRIPT_OUTPUT_FILE_0}\"\n";
			showEnvVarsInLog = 0;
		};
		36CB192998383F6371FBF0DE /* [CP] Check Pods Manifest.lock */ = {
			isa = PBXShellScriptBuildPhase;
			buildActionMask = 2147483647;
			files = (
			);
			inputFileListPaths = (
			);
			inputPaths = (
				"${PODS_PODFILE_DIR_PATH}/Podfile.lock",
				"${PODS_ROOT}/Manifest.lock",
			);
			name = "[CP] Check Pods Manifest.lock";
			outputFileListPaths = (
			);
			outputPaths = (
				"$(DERIVED_FILE_DIR)/Pods-ShopifyTests-checkManifestLockResult.txt",
			);
			runOnlyForDeploymentPostprocessing = 0;
			shellPath = /bin/sh;
			shellScript = "diff \"${PODS_PODFILE_DIR_PATH}/Podfile.lock\" \"${PODS_ROOT}/Manifest.lock\" > /dev/null\nif [ $? != 0 ] ; then\n    # print error to STDERR\n    echo \"error: The sandbox is not in sync with the Podfile.lock. Run 'pod install' or update your CocoaPods installation.\" >&2\n    exit 1\nfi\n# This output is used by Xcode 'outputs' to avoid re-running this script phase.\necho \"SUCCESS\" > \"${SCRIPT_OUTPUT_FILE_0}\"\n";
			showEnvVarsInLog = 0;
		};
		65A2D8B11442BCFF1F14EDA9 /* [CP] Embed Pods Frameworks */ = {
			isa = PBXShellScriptBuildPhase;
			buildActionMask = 2147483647;
			files = (
			);
			inputFileListPaths = (
				"${PODS_ROOT}/Target Support Files/Pods-Shopify/Pods-Shopify-frameworks-${CONFIGURATION}-input-files.xcfilelist",
			);
			name = "[CP] Embed Pods Frameworks";
			outputFileListPaths = (
				"${PODS_ROOT}/Target Support Files/Pods-Shopify/Pods-Shopify-frameworks-${CONFIGURATION}-output-files.xcfilelist",
			);
			runOnlyForDeploymentPostprocessing = 0;
			shellPath = /bin/sh;
			shellScript = "\"${PODS_ROOT}/Target Support Files/Pods-Shopify/Pods-Shopify-frameworks.sh\"\n";
			showEnvVarsInLog = 0;
		};
		7AF89FB7ABC6B667C2395D3C /* [CP] Embed Pods Frameworks */ = {
			isa = PBXShellScriptBuildPhase;
			buildActionMask = 2147483647;
			files = (
			);
			inputFileListPaths = (
				"${PODS_ROOT}/Target Support Files/Pods-Shopify-ShopifyUITests/Pods-Shopify-ShopifyUITests-frameworks-${CONFIGURATION}-input-files.xcfilelist",
			);
			name = "[CP] Embed Pods Frameworks";
			outputFileListPaths = (
				"${PODS_ROOT}/Target Support Files/Pods-Shopify-ShopifyUITests/Pods-Shopify-ShopifyUITests-frameworks-${CONFIGURATION}-output-files.xcfilelist",
			);
			runOnlyForDeploymentPostprocessing = 0;
			shellPath = /bin/sh;
			shellScript = "\"${PODS_ROOT}/Target Support Files/Pods-Shopify-ShopifyUITests/Pods-Shopify-ShopifyUITests-frameworks.sh\"\n";
			showEnvVarsInLog = 0;
		};
		EC61C9F1A83238D65270B9F2 /* [CP] Check Pods Manifest.lock */ = {
			isa = PBXShellScriptBuildPhase;
			buildActionMask = 2147483647;
			files = (
			);
			inputFileListPaths = (
			);
			inputPaths = (
				"${PODS_PODFILE_DIR_PATH}/Podfile.lock",
				"${PODS_ROOT}/Manifest.lock",
			);
			name = "[CP] Check Pods Manifest.lock";
			outputFileListPaths = (
			);
			outputPaths = (
				"$(DERIVED_FILE_DIR)/Pods-Shopify-checkManifestLockResult.txt",
			);
			runOnlyForDeploymentPostprocessing = 0;
			shellPath = /bin/sh;
			shellScript = "diff \"${PODS_PODFILE_DIR_PATH}/Podfile.lock\" \"${PODS_ROOT}/Manifest.lock\" > /dev/null\nif [ $? != 0 ] ; then\n    # print error to STDERR\n    echo \"error: The sandbox is not in sync with the Podfile.lock. Run 'pod install' or update your CocoaPods installation.\" >&2\n    exit 1\nfi\n# This output is used by Xcode 'outputs' to avoid re-running this script phase.\necho \"SUCCESS\" > \"${SCRIPT_OUTPUT_FILE_0}\"\n";
			showEnvVarsInLog = 0;
		};
/* End PBXShellScriptBuildPhase section */

/* Begin PBXSourcesBuildPhase section */
		04A574032B84D669007BFC98 /* Sources */ = {
			isa = PBXSourcesBuildPhase;
			buildActionMask = 2147483647;
			files = (
				04A574462B84D6D8007BFC98 /* NetworkManager.swift in Sources */,
				04F133B62B8945B600F49963 /* Brands.swift in Sources */,
				049FF9E62B8E676600004CAB /* OrdersScreenViewController.swift in Sources */,
				DEDD83482B8CA75800516BB4 /* ShoppingBagViewController.swift in Sources */,
				048A7EA12B8D234A002A4C51 /* NotLoggedMeScreenViewController.swift in Sources */,
				049FF9F42B8EA0F700004CAB /* OrderSummaryScreenViewModel.swift in Sources */,
				DEDD834B2B8CA75800516BB4 /* ShoppingBagCustomButton.swift in Sources */,
				DE14CF602B8919A900FC1C8D /* DiscountCode.swift in Sources */,
				043E549E2B879B1A00F8CDA7 /* Products.swift in Sources */,
				04A5740F2B84D669007BFC98 /* ViewController.swift in Sources */,
				048A7EA32B8D4F4F002A4C51 /* MeScreenViewModel.swift in Sources */,
				04E385252B8BB12400DEADB3 /* ProductCollectionViewCell.swift in Sources */,
				04180AC62B869BBE007CA253 /* APIHandler.swift in Sources */,
				043E549C2B8797F300F8CDA7 /* Alert.swift in Sources */,
				04A574492B84D6FE007BFC98 /* NetworkReachability.swift in Sources */,
				044631CC2B8A4300001F9371 /* LoginViewController.swift in Sources */,
				044631CE2B8ABC05001F9371 /* LoginViewModel.swift in Sources */,
				DEDD83462B8CA75800516BB4 /* AddressesViewController.swift in Sources */,
				DE14CF5C2B8918D600FC1C8D /* Address.swift in Sources */,
				04F133C12B8963E300F49963 /* HomeScreenViewController.swift in Sources */,
				049FF9ED2B8E754B00004CAB /* OrdersTableViewCell.swift in Sources */,
				04F133B82B8946ED00F49963 /* Categories.swift in Sources */,
				04CF29772B8BA9A800454075 /* BrandScreenViewController.swift in Sources */,
				04DA8D9A2B8C1A7100295473 /* CategoryScreenViewController.swift in Sources */,
				04A5740B2B84D669007BFC98 /* AppDelegate.swift in Sources */,
				04B53F832B934C3F00F40A0A /* NewOrderSummaryViewModel.swift in Sources */,
				049FF9E82B8E683E00004CAB /* OrdersScreenViewModel.swift in Sources */,
				04DA8DA12B8C3FCD00295473 /* CategoryScreenViewModel.swift in Sources */,
				043E54A22B87FB0600F8CDA7 /* Orders.swift in Sources */,
				049FF9DB2B8E4F1500004CAB /* DraftOrder.swift in Sources */,
				DEDD83472B8CA75800516BB4 /* AddressesTableViewCell.swift in Sources */,
				04956AAE2B92A422005AE66E /* OrderSummaryCollectionViewCell.swift in Sources */,
				04180ACE2B86A565007CA253 /* CustomButton.swift in Sources */,
				04B53F812B934C2900F40A0A /* NewOrderSummaryTableViewController.swift in Sources */,
				DECF4B8F2B9008C600155830 /* CheckoutViewModel.swift in Sources */,
				DEEE04C02B8DFCFD002D290C /* CheckoutCustomButton.swift in Sources */,
				DEDD834A2B8CA75800516BB4 /* ShoppingBagCustomCell.swift in Sources */,
				DEEE04C22B8E7EC7002D290C /* LogoutCustomButton.swift in Sources */,
				DEDD833F2B8CA75800516BB4 /* CustomAddressItemView.swift in Sources */,
				DEC9F21C2B91214400392B33 /* AddressViewModel.swift in Sources */,
				048DC9C92B8CEC62006623C9 /* Extensions.swift in Sources */,
				DEC9F2242B92243E00392B33 /* CustomCellButton.swift in Sources */,
				048DC9C62B8CEC2B006623C9 /* BrandCollectionViewCell.swift in Sources */,
				04CF296E2B8B543B00454075 /* TabBarViewController.swift in Sources */,
				DE14CF5A2B89186100FC1C8D /* Customer.swift in Sources */,
				DECF4B8D2B8FA28F00155830 /* ShoppingBagViewModel.swift in Sources */,
				DEDD83412B8CA75800516BB4 /* CustomSpacerView.swift in Sources */,
				04A574152B84D669007BFC98 /* Shopify.xcdatamodeld in Sources */,
				04A2A70C2B85190D00991FCC /* dummyCoreData.swift in Sources */,
				04F133CD2B89698700F49963 /* HomeScreenViewModel.swift in Sources */,
				04DA8D9E2B8C202500295473 /* FilterCollectionViewCell.swift in Sources */,
				DEDD83402B8CA75800516BB4 /* AddressCustomButton.swift in Sources */,
				04956AAA2B927C1C005AE66E /* LaunchScreenViewController.swift in Sources */,
				DEDD83522B8D022E00516BB4 /* CheckoutViewController.swift in Sources */,
				DEDD83422B8CA75800516BB4 /* AddressViewController.swift in Sources */,
				04A5740D2B84D669007BFC98 /* SceneDelegate.swift in Sources */,
				DE14CF5E2B89197900FC1C8D /* PriceRule.swift in Sources */,
				04EB47512B8CC37A0056EA36 /* SignUpPageViewController.swift in Sources */,
				DEDD83432B8CA75800516BB4 /* AddressSettingCustomCell.swift in Sources */,
				048DC9D82B8D153E006623C9 /* MeScreenViewController.swift in Sources */,
				048DC9C32B8CEC17006623C9 /* AdsCollectionViewCell.swift in Sources */,
				DEDD83442B8CA75800516BB4 /* SettingsViewController.swift in Sources */,
				049FF9F22B8E9E0500004CAB /* OrderSummaryScreenViewController.swift in Sources */,
				04E385282B8BB35B00DEADB3 /* BrandScreenViewModel.swift in Sources */,
			);
			runOnlyForDeploymentPostprocessing = 0;
		};
		04A5741C2B84D66D007BFC98 /* Sources */ = {
			isa = PBXSourcesBuildPhase;
			buildActionMask = 2147483647;
			files = (
				049FF9F02B8E8D2B00004CAB /* OrdersScreenViewModelTests.swift in Sources */,
				04B53F852B934C5A00F40A0A /* NewOrderSummaryViewModelTests.swift in Sources */,
				04DA8D932B8BEEF800295473 /* BrandScreenViewModelTests.swift in Sources */,
				0493F8782B8C666B00D3A4F1 /* CategoryScreenViewModelTests.swift in Sources */,
				048DC9CB2B8CEC8B006623C9 /* HomeScreenViewModelTests.swift in Sources */,
				04B53F7A2B93366900F40A0A /* MeScreenViewModelTests.swift in Sources */,
				043E54A02B87F5BA00F8CDA7 /* NetworkManagerTests.swift in Sources */,
				04A574252B84D66D007BFC98 /* ShopifyTests.swift in Sources */,
			);
			runOnlyForDeploymentPostprocessing = 0;
		};
		04A574262B84D66D007BFC98 /* Sources */ = {
			isa = PBXSourcesBuildPhase;
			buildActionMask = 2147483647;
			files = (
				04A5742F2B84D66D007BFC98 /* ShopifyUITests.swift in Sources */,
				04A574312B84D66D007BFC98 /* ShopifyUITestsLaunchTests.swift in Sources */,
			);
			runOnlyForDeploymentPostprocessing = 0;
		};
/* End PBXSourcesBuildPhase section */

/* Begin PBXTargetDependency section */
		04A574222B84D66D007BFC98 /* PBXTargetDependency */ = {
			isa = PBXTargetDependency;
			target = 04A574062B84D669007BFC98 /* Shopify */;
			targetProxy = 04A574212B84D66D007BFC98 /* PBXContainerItemProxy */;
		};
		04A5742C2B84D66D007BFC98 /* PBXTargetDependency */ = {
			isa = PBXTargetDependency;
			target = 04A574062B84D669007BFC98 /* Shopify */;
			targetProxy = 04A5742B2B84D66D007BFC98 /* PBXContainerItemProxy */;
		};
/* End PBXTargetDependency section */

/* Begin PBXVariantGroup section */
		04A574102B84D669007BFC98 /* Main.storyboard */ = {
			isa = PBXVariantGroup;
			children = (
				04A574112B84D669007BFC98 /* Base */,
			);
			name = Main.storyboard;
			sourceTree = "<group>";
		};
		04A574182B84D66C007BFC98 /* LaunchScreen.storyboard */ = {
			isa = PBXVariantGroup;
			children = (
				04A574192B84D66C007BFC98 /* Base */,
			);
			name = LaunchScreen.storyboard;
			sourceTree = "<group>";
		};
/* End PBXVariantGroup section */

/* Begin XCBuildConfiguration section */
		04A574322B84D66D007BFC98 /* Debug */ = {
			isa = XCBuildConfiguration;
			buildSettings = {
				ALWAYS_SEARCH_USER_PATHS = NO;
				ASSETCATALOG_COMPILER_GENERATE_SWIFT_ASSET_SYMBOL_EXTENSIONS = YES;
				CLANG_ANALYZER_NONNULL = YES;
				CLANG_ANALYZER_NUMBER_OBJECT_CONVERSION = YES_AGGRESSIVE;
				CLANG_CXX_LANGUAGE_STANDARD = "gnu++20";
				CLANG_ENABLE_MODULES = YES;
				CLANG_ENABLE_OBJC_ARC = YES;
				CLANG_ENABLE_OBJC_WEAK = YES;
				CLANG_WARN_BLOCK_CAPTURE_AUTORELEASING = YES;
				CLANG_WARN_BOOL_CONVERSION = YES;
				CLANG_WARN_COMMA = YES;
				CLANG_WARN_CONSTANT_CONVERSION = YES;
				CLANG_WARN_DEPRECATED_OBJC_IMPLEMENTATIONS = YES;
				CLANG_WARN_DIRECT_OBJC_ISA_USAGE = YES_ERROR;
				CLANG_WARN_DOCUMENTATION_COMMENTS = YES;
				CLANG_WARN_EMPTY_BODY = YES;
				CLANG_WARN_ENUM_CONVERSION = YES;
				CLANG_WARN_INFINITE_RECURSION = YES;
				CLANG_WARN_INT_CONVERSION = YES;
				CLANG_WARN_NON_LITERAL_NULL_CONVERSION = YES;
				CLANG_WARN_OBJC_IMPLICIT_RETAIN_SELF = YES;
				CLANG_WARN_OBJC_LITERAL_CONVERSION = YES;
				CLANG_WARN_OBJC_ROOT_CLASS = YES_ERROR;
				CLANG_WARN_QUOTED_INCLUDE_IN_FRAMEWORK_HEADER = YES;
				CLANG_WARN_RANGE_LOOP_ANALYSIS = YES;
				CLANG_WARN_STRICT_PROTOTYPES = YES;
				CLANG_WARN_SUSPICIOUS_MOVE = YES;
				CLANG_WARN_UNGUARDED_AVAILABILITY = YES_AGGRESSIVE;
				CLANG_WARN_UNREACHABLE_CODE = YES;
				CLANG_WARN__DUPLICATE_METHOD_MATCH = YES;
				COPY_PHASE_STRIP = NO;
				DEBUG_INFORMATION_FORMAT = dwarf;
				ENABLE_STRICT_OBJC_MSGSEND = YES;
				ENABLE_TESTABILITY = YES;
				ENABLE_USER_SCRIPT_SANDBOXING = NO;
				GCC_C_LANGUAGE_STANDARD = gnu17;
				GCC_DYNAMIC_NO_PIC = NO;
				GCC_NO_COMMON_BLOCKS = YES;
				GCC_OPTIMIZATION_LEVEL = 0;
				GCC_PREPROCESSOR_DEFINITIONS = (
					"DEBUG=1",
					"$(inherited)",
				);
				GCC_WARN_64_TO_32_BIT_CONVERSION = YES;
				GCC_WARN_ABOUT_RETURN_TYPE = YES_ERROR;
				GCC_WARN_UNDECLARED_SELECTOR = YES;
				GCC_WARN_UNINITIALIZED_AUTOS = YES_AGGRESSIVE;
				GCC_WARN_UNUSED_FUNCTION = YES;
				GCC_WARN_UNUSED_VARIABLE = YES;
				IPHONEOS_DEPLOYMENT_TARGET = 17.2;
				LOCALIZATION_PREFERS_STRING_CATALOGS = YES;
				MTL_ENABLE_DEBUG_INFO = INCLUDE_SOURCE;
				MTL_FAST_MATH = YES;
				ONLY_ACTIVE_ARCH = YES;
				SDKROOT = iphoneos;
				SWIFT_ACTIVE_COMPILATION_CONDITIONS = "DEBUG $(inherited)";
				SWIFT_OPTIMIZATION_LEVEL = "-Onone";
			};
			name = Debug;
		};
		04A574332B84D66D007BFC98 /* Release */ = {
			isa = XCBuildConfiguration;
			buildSettings = {
				ALWAYS_SEARCH_USER_PATHS = NO;
				ASSETCATALOG_COMPILER_GENERATE_SWIFT_ASSET_SYMBOL_EXTENSIONS = YES;
				CLANG_ANALYZER_NONNULL = YES;
				CLANG_ANALYZER_NUMBER_OBJECT_CONVERSION = YES_AGGRESSIVE;
				CLANG_CXX_LANGUAGE_STANDARD = "gnu++20";
				CLANG_ENABLE_MODULES = YES;
				CLANG_ENABLE_OBJC_ARC = YES;
				CLANG_ENABLE_OBJC_WEAK = YES;
				CLANG_WARN_BLOCK_CAPTURE_AUTORELEASING = YES;
				CLANG_WARN_BOOL_CONVERSION = YES;
				CLANG_WARN_COMMA = YES;
				CLANG_WARN_CONSTANT_CONVERSION = YES;
				CLANG_WARN_DEPRECATED_OBJC_IMPLEMENTATIONS = YES;
				CLANG_WARN_DIRECT_OBJC_ISA_USAGE = YES_ERROR;
				CLANG_WARN_DOCUMENTATION_COMMENTS = YES;
				CLANG_WARN_EMPTY_BODY = YES;
				CLANG_WARN_ENUM_CONVERSION = YES;
				CLANG_WARN_INFINITE_RECURSION = YES;
				CLANG_WARN_INT_CONVERSION = YES;
				CLANG_WARN_NON_LITERAL_NULL_CONVERSION = YES;
				CLANG_WARN_OBJC_IMPLICIT_RETAIN_SELF = YES;
				CLANG_WARN_OBJC_LITERAL_CONVERSION = YES;
				CLANG_WARN_OBJC_ROOT_CLASS = YES_ERROR;
				CLANG_WARN_QUOTED_INCLUDE_IN_FRAMEWORK_HEADER = YES;
				CLANG_WARN_RANGE_LOOP_ANALYSIS = YES;
				CLANG_WARN_STRICT_PROTOTYPES = YES;
				CLANG_WARN_SUSPICIOUS_MOVE = YES;
				CLANG_WARN_UNGUARDED_AVAILABILITY = YES_AGGRESSIVE;
				CLANG_WARN_UNREACHABLE_CODE = YES;
				CLANG_WARN__DUPLICATE_METHOD_MATCH = YES;
				COPY_PHASE_STRIP = NO;
				DEBUG_INFORMATION_FORMAT = "dwarf-with-dsym";
				ENABLE_NS_ASSERTIONS = NO;
				ENABLE_STRICT_OBJC_MSGSEND = YES;
				ENABLE_USER_SCRIPT_SANDBOXING = NO;
				GCC_C_LANGUAGE_STANDARD = gnu17;
				GCC_NO_COMMON_BLOCKS = YES;
				GCC_WARN_64_TO_32_BIT_CONVERSION = YES;
				GCC_WARN_ABOUT_RETURN_TYPE = YES_ERROR;
				GCC_WARN_UNDECLARED_SELECTOR = YES;
				GCC_WARN_UNINITIALIZED_AUTOS = YES_AGGRESSIVE;
				GCC_WARN_UNUSED_FUNCTION = YES;
				GCC_WARN_UNUSED_VARIABLE = YES;
				IPHONEOS_DEPLOYMENT_TARGET = 17.2;
				LOCALIZATION_PREFERS_STRING_CATALOGS = YES;
				MTL_ENABLE_DEBUG_INFO = NO;
				MTL_FAST_MATH = YES;
				SDKROOT = iphoneos;
				SWIFT_COMPILATION_MODE = wholemodule;
				VALIDATE_PRODUCT = YES;
			};
			name = Release;
		};
		04A574352B84D66D007BFC98 /* Debug */ = {
			isa = XCBuildConfiguration;
			baseConfigurationReference = 1FA4EEF87A19F18450ECD80F /* Pods-Shopify.debug.xcconfig */;
			buildSettings = {
				ASSETCATALOG_COMPILER_APPICON_NAME = AppIcon;
				ASSETCATALOG_COMPILER_GLOBAL_ACCENT_COLOR_NAME = AccentColor;
				CODE_SIGN_ENTITLEMENTS = Shopify/Shopify.entitlements;
				CODE_SIGN_STYLE = Automatic;
				CURRENT_PROJECT_VERSION = 1;
				DEVELOPMENT_TEAM = 67A3HNY94M;
				GENERATE_INFOPLIST_FILE = YES;
				INFOPLIST_FILE = Shopify/Info.plist;
				INFOPLIST_KEY_UIApplicationSupportsIndirectInputEvents = YES;
				INFOPLIST_KEY_UILaunchStoryboardName = LaunchScreen;
				INFOPLIST_KEY_UIMainStoryboardFile = Main;
				INFOPLIST_KEY_UIStatusBarStyle = "";
				INFOPLIST_KEY_UISupportedInterfaceOrientations_iPad = "UIInterfaceOrientationPortrait UIInterfaceOrientationPortraitUpsideDown UIInterfaceOrientationLandscapeLeft UIInterfaceOrientationLandscapeRight";
				INFOPLIST_KEY_UISupportedInterfaceOrientations_iPhone = "UIInterfaceOrientationPortrait UIInterfaceOrientationLandscapeLeft UIInterfaceOrientationLandscapeRight";
				LD_RUNPATH_SEARCH_PATHS = (
					"$(inherited)",
					"@executable_path/Frameworks",
				);
				MARKETING_VERSION = 1.0;
				PRODUCT_BUNDLE_IDENTIFIER = ITI.Shopify;
				PRODUCT_NAME = "$(TARGET_NAME)";
				SWIFT_EMIT_LOC_STRINGS = YES;
				SWIFT_VERSION = 5.0;
				TARGETED_DEVICE_FAMILY = "1,2";
			};
			name = Debug;
		};
		04A574362B84D66D007BFC98 /* Release */ = {
			isa = XCBuildConfiguration;
			baseConfigurationReference = 84BCFB8110459A3E88985C72 /* Pods-Shopify.release.xcconfig */;
			buildSettings = {
				ASSETCATALOG_COMPILER_APPICON_NAME = AppIcon;
				ASSETCATALOG_COMPILER_GLOBAL_ACCENT_COLOR_NAME = AccentColor;
				CODE_SIGN_ENTITLEMENTS = Shopify/Shopify.entitlements;
				CODE_SIGN_STYLE = Automatic;
				CURRENT_PROJECT_VERSION = 1;
				DEVELOPMENT_TEAM = 67A3HNY94M;
				GENERATE_INFOPLIST_FILE = YES;
				INFOPLIST_FILE = Shopify/Info.plist;
				INFOPLIST_KEY_UIApplicationSupportsIndirectInputEvents = YES;
				INFOPLIST_KEY_UILaunchStoryboardName = LaunchScreen;
				INFOPLIST_KEY_UIMainStoryboardFile = Main;
				INFOPLIST_KEY_UIStatusBarStyle = "";
				INFOPLIST_KEY_UISupportedInterfaceOrientations_iPad = "UIInterfaceOrientationPortrait UIInterfaceOrientationPortraitUpsideDown UIInterfaceOrientationLandscapeLeft UIInterfaceOrientationLandscapeRight";
				INFOPLIST_KEY_UISupportedInterfaceOrientations_iPhone = "UIInterfaceOrientationPortrait UIInterfaceOrientationLandscapeLeft UIInterfaceOrientationLandscapeRight";
				LD_RUNPATH_SEARCH_PATHS = (
					"$(inherited)",
					"@executable_path/Frameworks",
				);
				MARKETING_VERSION = 1.0;
				PRODUCT_BUNDLE_IDENTIFIER = ITI.Shopify;
				PRODUCT_NAME = "$(TARGET_NAME)";
				SWIFT_EMIT_LOC_STRINGS = YES;
				SWIFT_VERSION = 5.0;
				TARGETED_DEVICE_FAMILY = "1,2";
			};
			name = Release;
		};
		04A574382B84D66D007BFC98 /* Debug */ = {
			isa = XCBuildConfiguration;
			baseConfigurationReference = C766A2324B4FC970B4C792FC /* Pods-ShopifyTests.debug.xcconfig */;
			buildSettings = {
				ALWAYS_EMBED_SWIFT_STANDARD_LIBRARIES = YES;
				BUNDLE_LOADER = "$(TEST_HOST)";
				CODE_SIGN_STYLE = Automatic;
				CURRENT_PROJECT_VERSION = 1;
				GENERATE_INFOPLIST_FILE = YES;
				IPHONEOS_DEPLOYMENT_TARGET = 17.2;
				MARKETING_VERSION = 1.0;
				PRODUCT_BUNDLE_IDENTIFIER = ITI.ShopifyTests;
				PRODUCT_NAME = "$(TARGET_NAME)";
				SWIFT_EMIT_LOC_STRINGS = NO;
				SWIFT_VERSION = 5.0;
				TARGETED_DEVICE_FAMILY = "1,2";
				TEST_HOST = "$(BUILT_PRODUCTS_DIR)/Shopify.app/$(BUNDLE_EXECUTABLE_FOLDER_PATH)/Shopify";
			};
			name = Debug;
		};
		04A574392B84D66D007BFC98 /* Release */ = {
			isa = XCBuildConfiguration;
			baseConfigurationReference = 4325952B90A5AD074F89678C /* Pods-ShopifyTests.release.xcconfig */;
			buildSettings = {
				ALWAYS_EMBED_SWIFT_STANDARD_LIBRARIES = YES;
				BUNDLE_LOADER = "$(TEST_HOST)";
				CODE_SIGN_STYLE = Automatic;
				CURRENT_PROJECT_VERSION = 1;
				GENERATE_INFOPLIST_FILE = YES;
				IPHONEOS_DEPLOYMENT_TARGET = 17.2;
				MARKETING_VERSION = 1.0;
				PRODUCT_BUNDLE_IDENTIFIER = ITI.ShopifyTests;
				PRODUCT_NAME = "$(TARGET_NAME)";
				SWIFT_EMIT_LOC_STRINGS = NO;
				SWIFT_VERSION = 5.0;
				TARGETED_DEVICE_FAMILY = "1,2";
				TEST_HOST = "$(BUILT_PRODUCTS_DIR)/Shopify.app/$(BUNDLE_EXECUTABLE_FOLDER_PATH)/Shopify";
			};
			name = Release;
		};
		04A5743B2B84D66D007BFC98 /* Debug */ = {
			isa = XCBuildConfiguration;
			baseConfigurationReference = FEE1CCACC446A9ED3350A214 /* Pods-Shopify-ShopifyUITests.debug.xcconfig */;
			buildSettings = {
				ALWAYS_EMBED_SWIFT_STANDARD_LIBRARIES = YES;
				CODE_SIGN_STYLE = Automatic;
				CURRENT_PROJECT_VERSION = 1;
				GENERATE_INFOPLIST_FILE = YES;
				MARKETING_VERSION = 1.0;
				PRODUCT_BUNDLE_IDENTIFIER = ITI.ShopifyUITests;
				PRODUCT_NAME = "$(TARGET_NAME)";
				SWIFT_EMIT_LOC_STRINGS = NO;
				SWIFT_VERSION = 5.0;
				TARGETED_DEVICE_FAMILY = "1,2";
				TEST_TARGET_NAME = Shopify;
			};
			name = Debug;
		};
		04A5743C2B84D66D007BFC98 /* Release */ = {
			isa = XCBuildConfiguration;
			baseConfigurationReference = EF47FD3F019FAD9004AC55E4 /* Pods-Shopify-ShopifyUITests.release.xcconfig */;
			buildSettings = {
				ALWAYS_EMBED_SWIFT_STANDARD_LIBRARIES = YES;
				CODE_SIGN_STYLE = Automatic;
				CURRENT_PROJECT_VERSION = 1;
				GENERATE_INFOPLIST_FILE = YES;
				MARKETING_VERSION = 1.0;
				PRODUCT_BUNDLE_IDENTIFIER = ITI.ShopifyUITests;
				PRODUCT_NAME = "$(TARGET_NAME)";
				SWIFT_EMIT_LOC_STRINGS = NO;
				SWIFT_VERSION = 5.0;
				TARGETED_DEVICE_FAMILY = "1,2";
				TEST_TARGET_NAME = Shopify;
			};
			name = Release;
		};
/* End XCBuildConfiguration section */

/* Begin XCConfigurationList section */
		04A574022B84D669007BFC98 /* Build configuration list for PBXProject "Shopify" */ = {
			isa = XCConfigurationList;
			buildConfigurations = (
				04A574322B84D66D007BFC98 /* Debug */,
				04A574332B84D66D007BFC98 /* Release */,
			);
			defaultConfigurationIsVisible = 0;
			defaultConfigurationName = Release;
		};
		04A574342B84D66D007BFC98 /* Build configuration list for PBXNativeTarget "Shopify" */ = {
			isa = XCConfigurationList;
			buildConfigurations = (
				04A574352B84D66D007BFC98 /* Debug */,
				04A574362B84D66D007BFC98 /* Release */,
			);
			defaultConfigurationIsVisible = 0;
			defaultConfigurationName = Release;
		};
		04A574372B84D66D007BFC98 /* Build configuration list for PBXNativeTarget "ShopifyTests" */ = {
			isa = XCConfigurationList;
			buildConfigurations = (
				04A574382B84D66D007BFC98 /* Debug */,
				04A574392B84D66D007BFC98 /* Release */,
			);
			defaultConfigurationIsVisible = 0;
			defaultConfigurationName = Release;
		};
		04A5743A2B84D66D007BFC98 /* Build configuration list for PBXNativeTarget "ShopifyUITests" */ = {
			isa = XCConfigurationList;
			buildConfigurations = (
				04A5743B2B84D66D007BFC98 /* Debug */,
				04A5743C2B84D66D007BFC98 /* Release */,
			);
			defaultConfigurationIsVisible = 0;
			defaultConfigurationName = Release;
		};
/* End XCConfigurationList section */

/* Begin XCRemoteSwiftPackageReference section */
		04F661682B8D81CA00F26224 /* XCRemoteSwiftPackageReference "firebase-ios-sdk" */ = {
			isa = XCRemoteSwiftPackageReference;
			repositoryURL = "https://github.com/firebase/firebase-ios-sdk";
			requirement = {
				kind = upToNextMajorVersion;
				minimumVersion = 10.21.0;
			};
		};
/* End XCRemoteSwiftPackageReference section */

/* Begin XCSwiftPackageProductDependency section */
		04F661692B8D81CA00F26224 /* FirebaseAnalytics */ = {
			isa = XCSwiftPackageProductDependency;
			package = 04F661682B8D81CA00F26224 /* XCRemoteSwiftPackageReference "firebase-ios-sdk" */;
			productName = FirebaseAnalytics;
		};
		04F6616B2B8D81CA00F26224 /* FirebaseAnalyticsSwift */ = {
			isa = XCSwiftPackageProductDependency;
			package = 04F661682B8D81CA00F26224 /* XCRemoteSwiftPackageReference "firebase-ios-sdk" */;
			productName = FirebaseAnalyticsSwift;
		};
		04F6616D2B8D81CA00F26224 /* FirebaseAuth */ = {
			isa = XCSwiftPackageProductDependency;
			package = 04F661682B8D81CA00F26224 /* XCRemoteSwiftPackageReference "firebase-ios-sdk" */;
			productName = FirebaseAuth;
		};
/* End XCSwiftPackageProductDependency section */

/* Begin XCVersionGroup section */
		04A574132B84D669007BFC98 /* Shopify.xcdatamodeld */ = {
			isa = XCVersionGroup;
			children = (
				04A574142B84D669007BFC98 /* Shopify.xcdatamodel */,
			);
			currentVersion = 04A574142B84D669007BFC98 /* Shopify.xcdatamodel */;
			path = Shopify.xcdatamodeld;
			sourceTree = "<group>";
			versionGroupType = wrapper.xcdatamodel;
		};
/* End XCVersionGroup section */
	};
	rootObject = 04A573FF2B84D669007BFC98 /* Project object */;
}
